// !$*UTF8*$!
{
	archiveVersion = 1;
	classes = {
	};
	objectVersion = 46;
	objects = {

/* Begin PBXBuildFile section */
		00B0AFDEA4C9BD12481DC610 /* ofxScratch2.cpp in Sources */ = {isa = PBXBuildFile; fileRef = 0731DEB9B1B9EE8C18217DB4 /* ofxScratch2.cpp */; };
		371FF19E1990C1C800D6588B /* crossdomain.xml in Resources */ = {isa = PBXBuildFile; fileRef = 37856E04192DA0550021204C /* crossdomain.xml */; };
		371FF19F1990C1C800D6588B /* rapiro_pose.json in Resources */ = {isa = PBXBuildFile; fileRef = 372AA043198F7627006CF61D /* rapiro_pose.json */; };
		374A8DB1192B459500464D86 /* libmicrohttpd.a in Frameworks */ = {isa = PBXBuildFile; fileRef = 374A8DB0192B459500464D86 /* libmicrohttpd.a */; };
		37E9A7371990A62C0007A47D /* ofxUI2DGraph.cpp in Sources */ = {isa = PBXBuildFile; fileRef = 37E9A6A71990A62C0007A47D /* ofxUI2DGraph.cpp */; };
		37E9A7381990A62C0007A47D /* ofxUI2DPad.cpp in Sources */ = {isa = PBXBuildFile; fileRef = 37E9A6A91990A62C0007A47D /* ofxUI2DPad.cpp */; };
		37E9A7391990A62C0007A47D /* ofxUIBaseDraws.cpp in Sources */ = {isa = PBXBuildFile; fileRef = 37E9A6AB1990A62C0007A47D /* ofxUIBaseDraws.cpp */; };
		37E9A73A1990A62C0007A47D /* ofxUIBiLabelSlider.cpp in Sources */ = {isa = PBXBuildFile; fileRef = 37E9A6AD1990A62C0007A47D /* ofxUIBiLabelSlider.cpp */; };
		37E9A73B1990A62C0007A47D /* ofxUIButton.cpp in Sources */ = {isa = PBXBuildFile; fileRef = 37E9A6AF1990A62C0007A47D /* ofxUIButton.cpp */; };
		37E9A73C1990A62C0007A47D /* ofxUICanvas.cpp in Sources */ = {isa = PBXBuildFile; fileRef = 37E9A6B11990A62C0007A47D /* ofxUICanvas.cpp */; };
		37E9A73D1990A62C0007A47D /* ofxUICircleSlider.cpp in Sources */ = {isa = PBXBuildFile; fileRef = 37E9A6B31990A62C0007A47D /* ofxUICircleSlider.cpp */; };
		37E9A73E1990A62C0007A47D /* ofxUIDragableLabelButton.cpp in Sources */ = {isa = PBXBuildFile; fileRef = 37E9A6B61990A62C0007A47D /* ofxUIDragableLabelButton.cpp */; };
		37E9A73F1990A62C0007A47D /* ofxUIDropDownList.cpp in Sources */ = {isa = PBXBuildFile; fileRef = 37E9A6B81990A62C0007A47D /* ofxUIDropDownList.cpp */; };
		37E9A7401990A62C0007A47D /* ofxUIEventArgs.cpp in Sources */ = {isa = PBXBuildFile; fileRef = 37E9A6BA1990A62C0007A47D /* ofxUIEventArgs.cpp */; };
		37E9A7411990A62C0007A47D /* ofxUIFPS.cpp in Sources */ = {isa = PBXBuildFile; fileRef = 37E9A6BC1990A62C0007A47D /* ofxUIFPS.cpp */; };
		37E9A7421990A62C0007A47D /* ofxUIFPSSlider.cpp in Sources */ = {isa = PBXBuildFile; fileRef = 37E9A6BE1990A62C0007A47D /* ofxUIFPSSlider.cpp */; };
		37E9A7431990A62C0007A47D /* ofxUIImage.cpp in Sources */ = {isa = PBXBuildFile; fileRef = 37E9A6C01990A62C0007A47D /* ofxUIImage.cpp */; };
		37E9A7441990A62C0007A47D /* ofxUIImageButton.cpp in Sources */ = {isa = PBXBuildFile; fileRef = 37E9A6C21990A62C0007A47D /* ofxUIImageButton.cpp */; };
		37E9A7451990A62C0007A47D /* ofxUIImageSampler.cpp in Sources */ = {isa = PBXBuildFile; fileRef = 37E9A6C41990A62C0007A47D /* ofxUIImageSampler.cpp */; };
		37E9A7461990A62C0007A47D /* ofxUIImageSlider.cpp in Sources */ = {isa = PBXBuildFile; fileRef = 37E9A6C61990A62C0007A47D /* ofxUIImageSlider.cpp */; };
		37E9A7471990A62C0007A47D /* ofxUIImageToggle.cpp in Sources */ = {isa = PBXBuildFile; fileRef = 37E9A6C81990A62C0007A47D /* ofxUIImageToggle.cpp */; };
		37E9A7481990A62C0007A47D /* ofxUILabel.cpp in Sources */ = {isa = PBXBuildFile; fileRef = 37E9A6CA1990A62C0007A47D /* ofxUILabel.cpp */; };
		37E9A7491990A62C0007A47D /* ofxUILabelButton.cpp in Sources */ = {isa = PBXBuildFile; fileRef = 37E9A6CC1990A62C0007A47D /* ofxUILabelButton.cpp */; };
		37E9A74A1990A62C0007A47D /* ofxUILabelToggle.cpp in Sources */ = {isa = PBXBuildFile; fileRef = 37E9A6CE1990A62C0007A47D /* ofxUILabelToggle.cpp */; };
		37E9A74B1990A62C0007A47D /* ofxUIMinimalSlider.cpp in Sources */ = {isa = PBXBuildFile; fileRef = 37E9A6D01990A62C0007A47D /* ofxUIMinimalSlider.cpp */; };
		37E9A74C1990A62C0007A47D /* ofxUIMovingGraph.cpp in Sources */ = {isa = PBXBuildFile; fileRef = 37E9A6D21990A62C0007A47D /* ofxUIMovingGraph.cpp */; };
		37E9A74D1990A62C0007A47D /* ofxUIMultiImageButton.cpp in Sources */ = {isa = PBXBuildFile; fileRef = 37E9A6D41990A62C0007A47D /* ofxUIMultiImageButton.cpp */; };
		37E9A74E1990A62C0007A47D /* ofxUIMultiImageToggle.cpp in Sources */ = {isa = PBXBuildFile; fileRef = 37E9A6D61990A62C0007A47D /* ofxUIMultiImageToggle.cpp */; };
		37E9A74F1990A62C0007A47D /* ofxUINumberDialer.cpp in Sources */ = {isa = PBXBuildFile; fileRef = 37E9A6D81990A62C0007A47D /* ofxUINumberDialer.cpp */; };
		37E9A7501990A62C0007A47D /* ofxUIRadio.cpp in Sources */ = {isa = PBXBuildFile; fileRef = 37E9A6DB1990A62C0007A47D /* ofxUIRadio.cpp */; };
		37E9A7511990A62C0007A47D /* ofxUIRangeSlider.cpp in Sources */ = {isa = PBXBuildFile; fileRef = 37E9A6DD1990A62C0007A47D /* ofxUIRangeSlider.cpp */; };
		37E9A7521990A62C0007A47D /* ofxUIRectangle.cpp in Sources */ = {isa = PBXBuildFile; fileRef = 37E9A6DF1990A62C0007A47D /* ofxUIRectangle.cpp */; };
		37E9A7531990A62C0007A47D /* ofxUIRotarySlider.cpp in Sources */ = {isa = PBXBuildFile; fileRef = 37E9A6E11990A62C0007A47D /* ofxUIRotarySlider.cpp */; };
		37E9A7541990A62C0007A47D /* ofxUIScrollableCanvas.cpp in Sources */ = {isa = PBXBuildFile; fileRef = 37E9A6E31990A62C0007A47D /* ofxUIScrollableCanvas.cpp */; };
		37E9A7551990A62C0007A47D /* ofxUISlider.cpp in Sources */ = {isa = PBXBuildFile; fileRef = 37E9A6E51990A62C0007A47D /* ofxUISlider.cpp */; };
		37E9A7561990A62C0007A47D /* ofxUISortableList.cpp in Sources */ = {isa = PBXBuildFile; fileRef = 37E9A6E71990A62C0007A47D /* ofxUISortableList.cpp */; };
		37E9A7571990A62C0007A47D /* ofxUISpacer.cpp in Sources */ = {isa = PBXBuildFile; fileRef = 37E9A6E91990A62C0007A47D /* ofxUISpacer.cpp */; };
		37E9A7581990A62C0007A47D /* ofxUISpectrum.cpp in Sources */ = {isa = PBXBuildFile; fileRef = 37E9A6EB1990A62C0007A47D /* ofxUISpectrum.cpp */; };
		37E9A7591990A62C0007A47D /* ofxUISuperCanvas.cpp in Sources */ = {isa = PBXBuildFile; fileRef = 37E9A6ED1990A62C0007A47D /* ofxUISuperCanvas.cpp */; };
		37E9A75A1990A62C0007A47D /* ofxUITabBar.cpp in Sources */ = {isa = PBXBuildFile; fileRef = 37E9A6EF1990A62C0007A47D /* ofxUITabBar.cpp */; };
		37E9A75B1990A62C0007A47D /* ofxUITextArea.cpp in Sources */ = {isa = PBXBuildFile; fileRef = 37E9A6F11990A62C0007A47D /* ofxUITextArea.cpp */; };
		37E9A75C1990A62C0007A47D /* ofxUITextInput.cpp in Sources */ = {isa = PBXBuildFile; fileRef = 37E9A6F31990A62C0007A47D /* ofxUITextInput.cpp */; };
		37E9A75D1990A62C0007A47D /* ofxUIToggle.cpp in Sources */ = {isa = PBXBuildFile; fileRef = 37E9A6F51990A62C0007A47D /* ofxUIToggle.cpp */; };
		37E9A75E1990A62C0007A47D /* ofxUIToggleMatrix.cpp in Sources */ = {isa = PBXBuildFile; fileRef = 37E9A6F71990A62C0007A47D /* ofxUIToggleMatrix.cpp */; };
		37E9A75F1990A62C0007A47D /* ofxUIValuePlotter.cpp in Sources */ = {isa = PBXBuildFile; fileRef = 37E9A6FA1990A62C0007A47D /* ofxUIValuePlotter.cpp */; };
		37E9A7601990A62C0007A47D /* ofxUIWaveform.cpp in Sources */ = {isa = PBXBuildFile; fileRef = 37E9A6FC1990A62C0007A47D /* ofxUIWaveform.cpp */; };
		37E9A7611990A62C0007A47D /* ofxUIWidget.cpp in Sources */ = {isa = PBXBuildFile; fileRef = 37E9A6FE1990A62C0007A47D /* ofxUIWidget.cpp */; };
		37E9A7621990A62C0007A47D /* ofxUIWidgetWithLabel.cpp in Sources */ = {isa = PBXBuildFile; fileRef = 37E9A7011990A62C0007A47D /* ofxUIWidgetWithLabel.cpp */; };
		37E9A7A91990AE730007A47D /* ofxXmlSettings.cpp in Sources */ = {isa = PBXBuildFile; fileRef = 37E9A7A21990AE730007A47D /* ofxXmlSettings.cpp */; };
		37E9A7AA1990AE730007A47D /* tinyxml.cpp in Sources */ = {isa = PBXBuildFile; fileRef = 37E9A7A51990AE730007A47D /* tinyxml.cpp */; };
		37E9A7AB1990AE730007A47D /* tinyxmlerror.cpp in Sources */ = {isa = PBXBuildFile; fileRef = 37E9A7A71990AE730007A47D /* tinyxmlerror.cpp */; };
		37E9A7AC1990AE730007A47D /* tinyxmlparser.cpp in Sources */ = {isa = PBXBuildFile; fileRef = 37E9A7A81990AE730007A47D /* tinyxmlparser.cpp */; };
		37F854BD19909E3E003A1DCF /* ofTextConverter.cpp in Sources */ = {isa = PBXBuildFile; fileRef = 37F854B519909E3E003A1DCF /* ofTextConverter.cpp */; };
		37F854BE19909E3E003A1DCF /* ofUnicode.cpp in Sources */ = {isa = PBXBuildFile; fileRef = 37F854B719909E3E003A1DCF /* ofUnicode.cpp */; };
		37F854BF19909E3E003A1DCF /* ofUTF8.cpp in Sources */ = {isa = PBXBuildFile; fileRef = 37F854B919909E3E003A1DCF /* ofUTF8.cpp */; };
		37F8DFF31936CA0B009ECE27 /* Rapiro.cpp in Sources */ = {isa = PBXBuildFile; fileRef = 37F8DFF11936CA0B009ECE27 /* Rapiro.cpp */; };
		BBAB23CB13894F3D00AA2426 /* GLUT.framework in CopyFiles */ = {isa = PBXBuildFile; fileRef = BBAB23BE13894E4700AA2426 /* GLUT.framework */; };
		E4328149138ABC9F0047C5CB /* openFrameworksDebug.a in Frameworks */ = {isa = PBXBuildFile; fileRef = E4328148138ABC890047C5CB /* openFrameworksDebug.a */; };
		E45BE97B0E8CC7DD009D7055 /* AGL.framework in Frameworks */ = {isa = PBXBuildFile; fileRef = E45BE9710E8CC7DD009D7055 /* AGL.framework */; };
		E45BE97C0E8CC7DD009D7055 /* ApplicationServices.framework in Frameworks */ = {isa = PBXBuildFile; fileRef = E45BE9720E8CC7DD009D7055 /* ApplicationServices.framework */; };
		E45BE97D0E8CC7DD009D7055 /* AudioToolbox.framework in Frameworks */ = {isa = PBXBuildFile; fileRef = E45BE9730E8CC7DD009D7055 /* AudioToolbox.framework */; };
		E45BE97F0E8CC7DD009D7055 /* CoreAudio.framework in Frameworks */ = {isa = PBXBuildFile; fileRef = E45BE9750E8CC7DD009D7055 /* CoreAudio.framework */; };
		E45BE9800E8CC7DD009D7055 /* CoreFoundation.framework in Frameworks */ = {isa = PBXBuildFile; fileRef = E45BE9760E8CC7DD009D7055 /* CoreFoundation.framework */; };
		E45BE9810E8CC7DD009D7055 /* CoreServices.framework in Frameworks */ = {isa = PBXBuildFile; fileRef = E45BE9770E8CC7DD009D7055 /* CoreServices.framework */; };
		E45BE9830E8CC7DD009D7055 /* OpenGL.framework in Frameworks */ = {isa = PBXBuildFile; fileRef = E45BE9790E8CC7DD009D7055 /* OpenGL.framework */; };
		E45BE9840E8CC7DD009D7055 /* QuickTime.framework in Frameworks */ = {isa = PBXBuildFile; fileRef = E45BE97A0E8CC7DD009D7055 /* QuickTime.framework */; };
		E4B69E200A3A1BDC003C02F2 /* main.cpp in Sources */ = {isa = PBXBuildFile; fileRef = E4B69E1D0A3A1BDC003C02F2 /* main.cpp */; };
		E4B69E210A3A1BDC003C02F2 /* ofApp.cpp in Sources */ = {isa = PBXBuildFile; fileRef = E4B69E1E0A3A1BDC003C02F2 /* ofApp.cpp */; };
		E4C2424710CC5A17004149E2 /* AppKit.framework in Frameworks */ = {isa = PBXBuildFile; fileRef = E4C2424410CC5A17004149E2 /* AppKit.framework */; };
		E4C2424810CC5A17004149E2 /* Cocoa.framework in Frameworks */ = {isa = PBXBuildFile; fileRef = E4C2424510CC5A17004149E2 /* Cocoa.framework */; };
		E4C2424910CC5A17004149E2 /* IOKit.framework in Frameworks */ = {isa = PBXBuildFile; fileRef = E4C2424610CC5A17004149E2 /* IOKit.framework */; };
		E4EB6799138ADC1D00A09F29 /* GLUT.framework in Frameworks */ = {isa = PBXBuildFile; fileRef = BBAB23BE13894E4700AA2426 /* GLUT.framework */; };
		E7E077E515D3B63C0020DFD4 /* CoreVideo.framework in Frameworks */ = {isa = PBXBuildFile; fileRef = E7E077E415D3B63C0020DFD4 /* CoreVideo.framework */; };
		E7E077E815D3B6510020DFD4 /* QTKit.framework in Frameworks */ = {isa = PBXBuildFile; fileRef = E7E077E715D3B6510020DFD4 /* QTKit.framework */; };
		E7F985F815E0DEA3003869B5 /* Accelerate.framework in Frameworks */ = {isa = PBXBuildFile; fileRef = E7F985F515E0DE99003869B5 /* Accelerate.framework */; };
		FA470E7D7D578CB62384EC0E /* ofxHTTPServer.cpp in Sources */ = {isa = PBXBuildFile; fileRef = 396FE68E255A8ABF9AF47DF3 /* ofxHTTPServer.cpp */; };
/* End PBXBuildFile section */

/* Begin PBXContainerItemProxy section */
		E4328147138ABC890047C5CB /* PBXContainerItemProxy */ = {
			isa = PBXContainerItemProxy;
			containerPortal = E4328143138ABC890047C5CB /* openFrameworksLib.xcodeproj */;
			proxyType = 2;
			remoteGlobalIDString = E4B27C1510CBEB8E00536013;
			remoteInfo = openFrameworks;
		};
		E4EEB9AB138B136A00A80321 /* PBXContainerItemProxy */ = {
			isa = PBXContainerItemProxy;
			containerPortal = E4328143138ABC890047C5CB /* openFrameworksLib.xcodeproj */;
			proxyType = 1;
			remoteGlobalIDString = E4B27C1410CBEB8E00536013;
			remoteInfo = openFrameworks;
		};
/* End PBXContainerItemProxy section */

/* Begin PBXCopyFilesBuildPhase section */
		E4C2427710CC5ABF004149E2 /* CopyFiles */ = {
			isa = PBXCopyFilesBuildPhase;
			buildActionMask = 2147483647;
			dstPath = "";
			dstSubfolderSpec = 10;
			files = (
				BBAB23CB13894F3D00AA2426 /* GLUT.framework in CopyFiles */,
			);
			runOnlyForDeploymentPostprocessing = 0;
		};
/* End PBXCopyFilesBuildPhase section */

/* Begin PBXFileReference section */
		0731DEB9B1B9EE8C18217DB4 /* ofxScratch2.cpp */ = {isa = PBXFileReference; explicitFileType = sourcecode.cpp.cpp; fileEncoding = 4; name = ofxScratch2.cpp; path = ../../../addons/ofxScratch/src/ofxScratch2.cpp; sourceTree = SOURCE_ROOT; };
		2C58BAAF54639C1BF3B53FA7 /* MHD_config.h */ = {isa = PBXFileReference; explicitFileType = sourcecode.c.h; fileEncoding = 30; name = MHD_config.h; path = ../../../addons/ofxHttpServer/libs/microhttpd/include/MHD_config.h; sourceTree = SOURCE_ROOT; };
		372AA043198F7627006CF61D /* rapiro_pose.json */ = {isa = PBXFileReference; lastKnownFileType = text.json; name = rapiro_pose.json; path = bin/data/rapiro_pose.json; sourceTree = "<group>"; };
		3741839B19494992008804B2 /* Part.h */ = {isa = PBXFileReference; fileEncoding = 4; lastKnownFileType = sourcecode.c.h; path = Part.h; sourceTree = "<group>"; };
		374A8DB0192B459500464D86 /* libmicrohttpd.a */ = {isa = PBXFileReference; lastKnownFileType = archive.ar; name = libmicrohttpd.a; path = ../../../addons/ofxHttpServer/libs/microhttpd/lib/macosx/libmicrohttpd.a; sourceTree = "<group>"; };
		37856E04192DA0550021204C /* crossdomain.xml */ = {isa = PBXFileReference; lastKnownFileType = text.xml; name = crossdomain.xml; path = bin/data/crossdomain.xml; sourceTree = "<group>"; };
		37E9A6A61990A62C0007A47D /* ofxUI.h */ = {isa = PBXFileReference; fileEncoding = 4; lastKnownFileType = sourcecode.c.h; path = ofxUI.h; sourceTree = "<group>"; };
		37E9A6A71990A62C0007A47D /* ofxUI2DGraph.cpp */ = {isa = PBXFileReference; fileEncoding = 4; lastKnownFileType = sourcecode.cpp.cpp; path = ofxUI2DGraph.cpp; sourceTree = "<group>"; };
		37E9A6A81990A62C0007A47D /* ofxUI2DGraph.h */ = {isa = PBXFileReference; fileEncoding = 4; lastKnownFileType = sourcecode.c.h; path = ofxUI2DGraph.h; sourceTree = "<group>"; };
		37E9A6A91990A62C0007A47D /* ofxUI2DPad.cpp */ = {isa = PBXFileReference; fileEncoding = 4; lastKnownFileType = sourcecode.cpp.cpp; path = ofxUI2DPad.cpp; sourceTree = "<group>"; };
		37E9A6AA1990A62C0007A47D /* ofxUI2DPad.h */ = {isa = PBXFileReference; fileEncoding = 4; lastKnownFileType = sourcecode.c.h; path = ofxUI2DPad.h; sourceTree = "<group>"; };
		37E9A6AB1990A62C0007A47D /* ofxUIBaseDraws.cpp */ = {isa = PBXFileReference; fileEncoding = 4; lastKnownFileType = sourcecode.cpp.cpp; path = ofxUIBaseDraws.cpp; sourceTree = "<group>"; };
		37E9A6AC1990A62C0007A47D /* ofxUIBaseDraws.h */ = {isa = PBXFileReference; fileEncoding = 4; lastKnownFileType = sourcecode.c.h; path = ofxUIBaseDraws.h; sourceTree = "<group>"; };
		37E9A6AD1990A62C0007A47D /* ofxUIBiLabelSlider.cpp */ = {isa = PBXFileReference; fileEncoding = 4; lastKnownFileType = sourcecode.cpp.cpp; path = ofxUIBiLabelSlider.cpp; sourceTree = "<group>"; };
		37E9A6AE1990A62C0007A47D /* ofxUIBiLabelSlider.h */ = {isa = PBXFileReference; fileEncoding = 4; lastKnownFileType = sourcecode.c.h; path = ofxUIBiLabelSlider.h; sourceTree = "<group>"; };
		37E9A6AF1990A62C0007A47D /* ofxUIButton.cpp */ = {isa = PBXFileReference; fileEncoding = 4; lastKnownFileType = sourcecode.cpp.cpp; path = ofxUIButton.cpp; sourceTree = "<group>"; };
		37E9A6B01990A62C0007A47D /* ofxUIButton.h */ = {isa = PBXFileReference; fileEncoding = 4; lastKnownFileType = sourcecode.c.h; path = ofxUIButton.h; sourceTree = "<group>"; };
		37E9A6B11990A62C0007A47D /* ofxUICanvas.cpp */ = {isa = PBXFileReference; fileEncoding = 4; lastKnownFileType = sourcecode.cpp.cpp; path = ofxUICanvas.cpp; sourceTree = "<group>"; };
		37E9A6B21990A62C0007A47D /* ofxUICanvas.h */ = {isa = PBXFileReference; fileEncoding = 4; lastKnownFileType = sourcecode.c.h; path = ofxUICanvas.h; sourceTree = "<group>"; };
		37E9A6B31990A62C0007A47D /* ofxUICircleSlider.cpp */ = {isa = PBXFileReference; fileEncoding = 4; lastKnownFileType = sourcecode.cpp.cpp; path = ofxUICircleSlider.cpp; sourceTree = "<group>"; };
		37E9A6B41990A62C0007A47D /* ofxUICircleSlider.h */ = {isa = PBXFileReference; fileEncoding = 4; lastKnownFileType = sourcecode.c.h; path = ofxUICircleSlider.h; sourceTree = "<group>"; };
		37E9A6B51990A62C0007A47D /* ofxUIDefines.h */ = {isa = PBXFileReference; fileEncoding = 4; lastKnownFileType = sourcecode.c.h; path = ofxUIDefines.h; sourceTree = "<group>"; };
		37E9A6B61990A62C0007A47D /* ofxUIDragableLabelButton.cpp */ = {isa = PBXFileReference; fileEncoding = 4; lastKnownFileType = sourcecode.cpp.cpp; path = ofxUIDragableLabelButton.cpp; sourceTree = "<group>"; };
		37E9A6B71990A62C0007A47D /* ofxUIDragableLabelButton.h */ = {isa = PBXFileReference; fileEncoding = 4; lastKnownFileType = sourcecode.c.h; path = ofxUIDragableLabelButton.h; sourceTree = "<group>"; };
		37E9A6B81990A62C0007A47D /* ofxUIDropDownList.cpp */ = {isa = PBXFileReference; fileEncoding = 4; lastKnownFileType = sourcecode.cpp.cpp; path = ofxUIDropDownList.cpp; sourceTree = "<group>"; };
		37E9A6B91990A62C0007A47D /* ofxUIDropDownList.h */ = {isa = PBXFileReference; fileEncoding = 4; lastKnownFileType = sourcecode.c.h; path = ofxUIDropDownList.h; sourceTree = "<group>"; };
		37E9A6BA1990A62C0007A47D /* ofxUIEventArgs.cpp */ = {isa = PBXFileReference; fileEncoding = 4; lastKnownFileType = sourcecode.cpp.cpp; path = ofxUIEventArgs.cpp; sourceTree = "<group>"; };
		37E9A6BB1990A62C0007A47D /* ofxUIEventArgs.h */ = {isa = PBXFileReference; fileEncoding = 4; lastKnownFileType = sourcecode.c.h; path = ofxUIEventArgs.h; sourceTree = "<group>"; };
		37E9A6BC1990A62C0007A47D /* ofxUIFPS.cpp */ = {isa = PBXFileReference; fileEncoding = 4; lastKnownFileType = sourcecode.cpp.cpp; path = ofxUIFPS.cpp; sourceTree = "<group>"; };
		37E9A6BD1990A62C0007A47D /* ofxUIFPS.h */ = {isa = PBXFileReference; fileEncoding = 4; lastKnownFileType = sourcecode.c.h; path = ofxUIFPS.h; sourceTree = "<group>"; };
		37E9A6BE1990A62C0007A47D /* ofxUIFPSSlider.cpp */ = {isa = PBXFileReference; fileEncoding = 4; lastKnownFileType = sourcecode.cpp.cpp; path = ofxUIFPSSlider.cpp; sourceTree = "<group>"; };
		37E9A6BF1990A62C0007A47D /* ofxUIFPSSlider.h */ = {isa = PBXFileReference; fileEncoding = 4; lastKnownFileType = sourcecode.c.h; path = ofxUIFPSSlider.h; sourceTree = "<group>"; };
		37E9A6C01990A62C0007A47D /* ofxUIImage.cpp */ = {isa = PBXFileReference; fileEncoding = 4; lastKnownFileType = sourcecode.cpp.cpp; path = ofxUIImage.cpp; sourceTree = "<group>"; };
		37E9A6C11990A62C0007A47D /* ofxUIImage.h */ = {isa = PBXFileReference; fileEncoding = 4; lastKnownFileType = sourcecode.c.h; path = ofxUIImage.h; sourceTree = "<group>"; };
		37E9A6C21990A62C0007A47D /* ofxUIImageButton.cpp */ = {isa = PBXFileReference; fileEncoding = 4; lastKnownFileType = sourcecode.cpp.cpp; path = ofxUIImageButton.cpp; sourceTree = "<group>"; };
		37E9A6C31990A62C0007A47D /* ofxUIImageButton.h */ = {isa = PBXFileReference; fileEncoding = 4; lastKnownFileType = sourcecode.c.h; path = ofxUIImageButton.h; sourceTree = "<group>"; };
		37E9A6C41990A62C0007A47D /* ofxUIImageSampler.cpp */ = {isa = PBXFileReference; fileEncoding = 4; lastKnownFileType = sourcecode.cpp.cpp; path = ofxUIImageSampler.cpp; sourceTree = "<group>"; };
		37E9A6C51990A62C0007A47D /* ofxUIImageSampler.h */ = {isa = PBXFileReference; fileEncoding = 4; lastKnownFileType = sourcecode.c.h; path = ofxUIImageSampler.h; sourceTree = "<group>"; };
		37E9A6C61990A62C0007A47D /* ofxUIImageSlider.cpp */ = {isa = PBXFileReference; fileEncoding = 4; lastKnownFileType = sourcecode.cpp.cpp; path = ofxUIImageSlider.cpp; sourceTree = "<group>"; };
		37E9A6C71990A62C0007A47D /* ofxUIImageSlider.h */ = {isa = PBXFileReference; fileEncoding = 4; lastKnownFileType = sourcecode.c.h; path = ofxUIImageSlider.h; sourceTree = "<group>"; };
		37E9A6C81990A62C0007A47D /* ofxUIImageToggle.cpp */ = {isa = PBXFileReference; fileEncoding = 4; lastKnownFileType = sourcecode.cpp.cpp; path = ofxUIImageToggle.cpp; sourceTree = "<group>"; };
		37E9A6C91990A62C0007A47D /* ofxUIImageToggle.h */ = {isa = PBXFileReference; fileEncoding = 4; lastKnownFileType = sourcecode.c.h; path = ofxUIImageToggle.h; sourceTree = "<group>"; };
		37E9A6CA1990A62C0007A47D /* ofxUILabel.cpp */ = {isa = PBXFileReference; fileEncoding = 4; lastKnownFileType = sourcecode.cpp.cpp; path = ofxUILabel.cpp; sourceTree = "<group>"; };
		37E9A6CB1990A62C0007A47D /* ofxUILabel.h */ = {isa = PBXFileReference; fileEncoding = 4; lastKnownFileType = sourcecode.c.h; path = ofxUILabel.h; sourceTree = "<group>"; };
		37E9A6CC1990A62C0007A47D /* ofxUILabelButton.cpp */ = {isa = PBXFileReference; fileEncoding = 4; lastKnownFileType = sourcecode.cpp.cpp; path = ofxUILabelButton.cpp; sourceTree = "<group>"; };
		37E9A6CD1990A62C0007A47D /* ofxUILabelButton.h */ = {isa = PBXFileReference; fileEncoding = 4; lastKnownFileType = sourcecode.c.h; path = ofxUILabelButton.h; sourceTree = "<group>"; };
		37E9A6CE1990A62C0007A47D /* ofxUILabelToggle.cpp */ = {isa = PBXFileReference; fileEncoding = 4; lastKnownFileType = sourcecode.cpp.cpp; path = ofxUILabelToggle.cpp; sourceTree = "<group>"; };
		37E9A6CF1990A62C0007A47D /* ofxUILabelToggle.h */ = {isa = PBXFileReference; fileEncoding = 4; lastKnownFileType = sourcecode.c.h; path = ofxUILabelToggle.h; sourceTree = "<group>"; };
		37E9A6D01990A62C0007A47D /* ofxUIMinimalSlider.cpp */ = {isa = PBXFileReference; fileEncoding = 4; lastKnownFileType = sourcecode.cpp.cpp; path = ofxUIMinimalSlider.cpp; sourceTree = "<group>"; };
		37E9A6D11990A62C0007A47D /* ofxUIMinimalSlider.h */ = {isa = PBXFileReference; fileEncoding = 4; lastKnownFileType = sourcecode.c.h; path = ofxUIMinimalSlider.h; sourceTree = "<group>"; };
		37E9A6D21990A62C0007A47D /* ofxUIMovingGraph.cpp */ = {isa = PBXFileReference; fileEncoding = 4; lastKnownFileType = sourcecode.cpp.cpp; path = ofxUIMovingGraph.cpp; sourceTree = "<group>"; };
		37E9A6D31990A62C0007A47D /* ofxUIMovingGraph.h */ = {isa = PBXFileReference; fileEncoding = 4; lastKnownFileType = sourcecode.c.h; path = ofxUIMovingGraph.h; sourceTree = "<group>"; };
		37E9A6D41990A62C0007A47D /* ofxUIMultiImageButton.cpp */ = {isa = PBXFileReference; fileEncoding = 4; lastKnownFileType = sourcecode.cpp.cpp; path = ofxUIMultiImageButton.cpp; sourceTree = "<group>"; };
		37E9A6D51990A62C0007A47D /* ofxUIMultiImageButton.h */ = {isa = PBXFileReference; fileEncoding = 4; lastKnownFileType = sourcecode.c.h; path = ofxUIMultiImageButton.h; sourceTree = "<group>"; };
		37E9A6D61990A62C0007A47D /* ofxUIMultiImageToggle.cpp */ = {isa = PBXFileReference; fileEncoding = 4; lastKnownFileType = sourcecode.cpp.cpp; path = ofxUIMultiImageToggle.cpp; sourceTree = "<group>"; };
		37E9A6D71990A62C0007A47D /* ofxUIMultiImageToggle.h */ = {isa = PBXFileReference; fileEncoding = 4; lastKnownFileType = sourcecode.c.h; path = ofxUIMultiImageToggle.h; sourceTree = "<group>"; };
		37E9A6D81990A62C0007A47D /* ofxUINumberDialer.cpp */ = {isa = PBXFileReference; fileEncoding = 4; lastKnownFileType = sourcecode.cpp.cpp; path = ofxUINumberDialer.cpp; sourceTree = "<group>"; };
		37E9A6D91990A62C0007A47D /* ofxUINumberDialer.h */ = {isa = PBXFileReference; fileEncoding = 4; lastKnownFileType = sourcecode.c.h; path = ofxUINumberDialer.h; sourceTree = "<group>"; };
		37E9A6DA1990A62C0007A47D /* ofxUIOFWrapper.h */ = {isa = PBXFileReference; fileEncoding = 4; lastKnownFileType = sourcecode.c.h; path = ofxUIOFWrapper.h; sourceTree = "<group>"; };
		37E9A6DB1990A62C0007A47D /* ofxUIRadio.cpp */ = {isa = PBXFileReference; fileEncoding = 4; lastKnownFileType = sourcecode.cpp.cpp; path = ofxUIRadio.cpp; sourceTree = "<group>"; };
		37E9A6DC1990A62C0007A47D /* ofxUIRadio.h */ = {isa = PBXFileReference; fileEncoding = 4; lastKnownFileType = sourcecode.c.h; path = ofxUIRadio.h; sourceTree = "<group>"; };
		37E9A6DD1990A62C0007A47D /* ofxUIRangeSlider.cpp */ = {isa = PBXFileReference; fileEncoding = 4; lastKnownFileType = sourcecode.cpp.cpp; path = ofxUIRangeSlider.cpp; sourceTree = "<group>"; };
		37E9A6DE1990A62C0007A47D /* ofxUIRangeSlider.h */ = {isa = PBXFileReference; fileEncoding = 4; lastKnownFileType = sourcecode.c.h; path = ofxUIRangeSlider.h; sourceTree = "<group>"; };
		37E9A6DF1990A62C0007A47D /* ofxUIRectangle.cpp */ = {isa = PBXFileReference; fileEncoding = 4; lastKnownFileType = sourcecode.cpp.cpp; path = ofxUIRectangle.cpp; sourceTree = "<group>"; };
		37E9A6E01990A62C0007A47D /* ofxUIRectangle.h */ = {isa = PBXFileReference; fileEncoding = 4; lastKnownFileType = sourcecode.c.h; path = ofxUIRectangle.h; sourceTree = "<group>"; };
		37E9A6E11990A62C0007A47D /* ofxUIRotarySlider.cpp */ = {isa = PBXFileReference; fileEncoding = 4; lastKnownFileType = sourcecode.cpp.cpp; path = ofxUIRotarySlider.cpp; sourceTree = "<group>"; };
		37E9A6E21990A62C0007A47D /* ofxUIRotarySlider.h */ = {isa = PBXFileReference; fileEncoding = 4; lastKnownFileType = sourcecode.c.h; path = ofxUIRotarySlider.h; sourceTree = "<group>"; };
		37E9A6E31990A62C0007A47D /* ofxUIScrollableCanvas.cpp */ = {isa = PBXFileReference; fileEncoding = 4; lastKnownFileType = sourcecode.cpp.cpp; path = ofxUIScrollableCanvas.cpp; sourceTree = "<group>"; };
		37E9A6E41990A62C0007A47D /* ofxUIScrollableCanvas.h */ = {isa = PBXFileReference; fileEncoding = 4; lastKnownFileType = sourcecode.c.h; path = ofxUIScrollableCanvas.h; sourceTree = "<group>"; };
		37E9A6E51990A62C0007A47D /* ofxUISlider.cpp */ = {isa = PBXFileReference; fileEncoding = 4; lastKnownFileType = sourcecode.cpp.cpp; path = ofxUISlider.cpp; sourceTree = "<group>"; };
		37E9A6E61990A62C0007A47D /* ofxUISlider.h */ = {isa = PBXFileReference; fileEncoding = 4; lastKnownFileType = sourcecode.c.h; path = ofxUISlider.h; sourceTree = "<group>"; };
		37E9A6E71990A62C0007A47D /* ofxUISortableList.cpp */ = {isa = PBXFileReference; fileEncoding = 4; lastKnownFileType = sourcecode.cpp.cpp; path = ofxUISortableList.cpp; sourceTree = "<group>"; };
		37E9A6E81990A62C0007A47D /* ofxUISortableList.h */ = {isa = PBXFileReference; fileEncoding = 4; lastKnownFileType = sourcecode.c.h; path = ofxUISortableList.h; sourceTree = "<group>"; };
		37E9A6E91990A62C0007A47D /* ofxUISpacer.cpp */ = {isa = PBXFileReference; fileEncoding = 4; lastKnownFileType = sourcecode.cpp.cpp; path = ofxUISpacer.cpp; sourceTree = "<group>"; };
		37E9A6EA1990A62C0007A47D /* ofxUISpacer.h */ = {isa = PBXFileReference; fileEncoding = 4; lastKnownFileType = sourcecode.c.h; path = ofxUISpacer.h; sourceTree = "<group>"; };
		37E9A6EB1990A62C0007A47D /* ofxUISpectrum.cpp */ = {isa = PBXFileReference; fileEncoding = 4; lastKnownFileType = sourcecode.cpp.cpp; path = ofxUISpectrum.cpp; sourceTree = "<group>"; };
		37E9A6EC1990A62C0007A47D /* ofxUISpectrum.h */ = {isa = PBXFileReference; fileEncoding = 4; lastKnownFileType = sourcecode.c.h; path = ofxUISpectrum.h; sourceTree = "<group>"; };
		37E9A6ED1990A62C0007A47D /* ofxUISuperCanvas.cpp */ = {isa = PBXFileReference; fileEncoding = 4; lastKnownFileType = sourcecode.cpp.cpp; path = ofxUISuperCanvas.cpp; sourceTree = "<group>"; };
		37E9A6EE1990A62C0007A47D /* ofxUISuperCanvas.h */ = {isa = PBXFileReference; fileEncoding = 4; lastKnownFileType = sourcecode.c.h; path = ofxUISuperCanvas.h; sourceTree = "<group>"; };
		37E9A6EF1990A62C0007A47D /* ofxUITabBar.cpp */ = {isa = PBXFileReference; fileEncoding = 4; lastKnownFileType = sourcecode.cpp.cpp; path = ofxUITabBar.cpp; sourceTree = "<group>"; };
		37E9A6F01990A62C0007A47D /* ofxUITabBar.h */ = {isa = PBXFileReference; fileEncoding = 4; lastKnownFileType = sourcecode.c.h; path = ofxUITabBar.h; sourceTree = "<group>"; };
		37E9A6F11990A62C0007A47D /* ofxUITextArea.cpp */ = {isa = PBXFileReference; fileEncoding = 4; lastKnownFileType = sourcecode.cpp.cpp; path = ofxUITextArea.cpp; sourceTree = "<group>"; };
		37E9A6F21990A62C0007A47D /* ofxUITextArea.h */ = {isa = PBXFileReference; fileEncoding = 4; lastKnownFileType = sourcecode.c.h; path = ofxUITextArea.h; sourceTree = "<group>"; };
		37E9A6F31990A62C0007A47D /* ofxUITextInput.cpp */ = {isa = PBXFileReference; fileEncoding = 4; lastKnownFileType = sourcecode.cpp.cpp; path = ofxUITextInput.cpp; sourceTree = "<group>"; };
		37E9A6F41990A62C0007A47D /* ofxUITextInput.h */ = {isa = PBXFileReference; fileEncoding = 4; lastKnownFileType = sourcecode.c.h; path = ofxUITextInput.h; sourceTree = "<group>"; };
		37E9A6F51990A62C0007A47D /* ofxUIToggle.cpp */ = {isa = PBXFileReference; fileEncoding = 4; lastKnownFileType = sourcecode.cpp.cpp; path = ofxUIToggle.cpp; sourceTree = "<group>"; };
		37E9A6F61990A62C0007A47D /* ofxUIToggle.h */ = {isa = PBXFileReference; fileEncoding = 4; lastKnownFileType = sourcecode.c.h; path = ofxUIToggle.h; sourceTree = "<group>"; };
		37E9A6F71990A62C0007A47D /* ofxUIToggleMatrix.cpp */ = {isa = PBXFileReference; fileEncoding = 4; lastKnownFileType = sourcecode.cpp.cpp; path = ofxUIToggleMatrix.cpp; sourceTree = "<group>"; };
		37E9A6F81990A62C0007A47D /* ofxUIToggleMatrix.h */ = {isa = PBXFileReference; fileEncoding = 4; lastKnownFileType = sourcecode.c.h; path = ofxUIToggleMatrix.h; sourceTree = "<group>"; };
		37E9A6F91990A62C0007A47D /* ofxUIUtils.h */ = {isa = PBXFileReference; fileEncoding = 4; lastKnownFileType = sourcecode.c.h; path = ofxUIUtils.h; sourceTree = "<group>"; };
		37E9A6FA1990A62C0007A47D /* ofxUIValuePlotter.cpp */ = {isa = PBXFileReference; fileEncoding = 4; lastKnownFileType = sourcecode.cpp.cpp; path = ofxUIValuePlotter.cpp; sourceTree = "<group>"; };
		37E9A6FB1990A62C0007A47D /* ofxUIValuePlotter.h */ = {isa = PBXFileReference; fileEncoding = 4; lastKnownFileType = sourcecode.c.h; path = ofxUIValuePlotter.h; sourceTree = "<group>"; };
		37E9A6FC1990A62C0007A47D /* ofxUIWaveform.cpp */ = {isa = PBXFileReference; fileEncoding = 4; lastKnownFileType = sourcecode.cpp.cpp; path = ofxUIWaveform.cpp; sourceTree = "<group>"; };
		37E9A6FD1990A62C0007A47D /* ofxUIWaveform.h */ = {isa = PBXFileReference; fileEncoding = 4; lastKnownFileType = sourcecode.c.h; path = ofxUIWaveform.h; sourceTree = "<group>"; };
		37E9A6FE1990A62C0007A47D /* ofxUIWidget.cpp */ = {isa = PBXFileReference; fileEncoding = 4; lastKnownFileType = sourcecode.cpp.cpp; path = ofxUIWidget.cpp; sourceTree = "<group>"; };
		37E9A6FF1990A62C0007A47D /* ofxUIWidget.h */ = {isa = PBXFileReference; fileEncoding = 4; lastKnownFileType = sourcecode.c.h; path = ofxUIWidget.h; sourceTree = "<group>"; };
		37E9A7001990A62C0007A47D /* ofxUIWidgets.h */ = {isa = PBXFileReference; fileEncoding = 4; lastKnownFileType = sourcecode.c.h; path = ofxUIWidgets.h; sourceTree = "<group>"; };
		37E9A7011990A62C0007A47D /* ofxUIWidgetWithLabel.cpp */ = {isa = PBXFileReference; fileEncoding = 4; lastKnownFileType = sourcecode.cpp.cpp; path = ofxUIWidgetWithLabel.cpp; sourceTree = "<group>"; };
		37E9A7021990A62C0007A47D /* ofxUIWidgetWithLabel.h */ = {isa = PBXFileReference; fileEncoding = 4; lastKnownFileType = sourcecode.c.h; path = ofxUIWidgetWithLabel.h; sourceTree = "<group>"; };
		37E9A7031990A62C0007A47D /* ofxUIWrapper.h */ = {isa = PBXFileReference; fileEncoding = 4; lastKnownFileType = sourcecode.c.h; path = ofxUIWrapper.h; sourceTree = "<group>"; };
		37E9A7A21990AE730007A47D /* ofxXmlSettings.cpp */ = {isa = PBXFileReference; lastKnownFileType = sourcecode.cpp.cpp; path = ofxXmlSettings.cpp; sourceTree = "<group>"; };
		37E9A7A31990AE730007A47D /* ofxXmlSettings.h */ = {isa = PBXFileReference; lastKnownFileType = sourcecode.c.h; path = ofxXmlSettings.h; sourceTree = "<group>"; };
		37E9A7A51990AE730007A47D /* tinyxml.cpp */ = {isa = PBXFileReference; lastKnownFileType = sourcecode.cpp.cpp; path = tinyxml.cpp; sourceTree = "<group>"; };
		37E9A7A61990AE730007A47D /* tinyxml.h */ = {isa = PBXFileReference; lastKnownFileType = sourcecode.c.h; path = tinyxml.h; sourceTree = "<group>"; };
		37E9A7A71990AE730007A47D /* tinyxmlerror.cpp */ = {isa = PBXFileReference; lastKnownFileType = sourcecode.cpp.cpp; path = tinyxmlerror.cpp; sourceTree = "<group>"; };
		37E9A7A81990AE730007A47D /* tinyxmlparser.cpp */ = {isa = PBXFileReference; lastKnownFileType = sourcecode.cpp.cpp; path = tinyxmlparser.cpp; sourceTree = "<group>"; };
		37F854A419909E3E003A1DCF /* checked.h */ = {isa = PBXFileReference; fileEncoding = 4; lastKnownFileType = sourcecode.c.h; path = checked.h; sourceTree = "<group>"; };
		37F854A519909E3E003A1DCF /* core.h */ = {isa = PBXFileReference; fileEncoding = 4; lastKnownFileType = sourcecode.c.h; path = core.h; sourceTree = "<group>"; };
		37F854A619909E3E003A1DCF /* unchecked.h */ = {isa = PBXFileReference; fileEncoding = 4; lastKnownFileType = sourcecode.c.h; path = unchecked.h; sourceTree = "<group>"; };
		37F854A719909E3E003A1DCF /* utf8.h */ = {isa = PBXFileReference; fileEncoding = 4; lastKnownFileType = sourcecode.c.h; path = utf8.h; sourceTree = "<group>"; };
		37F854AB19909E3E003A1DCF /* ReleaseNotes */ = {isa = PBXFileReference; fileEncoding = 4; lastKnownFileType = text; path = ReleaseNotes; sourceTree = "<group>"; };
		37F854AC19909E3E003A1DCF /* utf8cpp.html */ = {isa = PBXFileReference; fileEncoding = 4; lastKnownFileType = text.html; path = utf8cpp.html; sourceTree = "<group>"; };
		37F854AF19909E3E003A1DCF /* checked.h */ = {isa = PBXFileReference; fileEncoding = 4; lastKnownFileType = sourcecode.c.h; path = checked.h; sourceTree = "<group>"; };
		37F854B019909E3E003A1DCF /* core.h */ = {isa = PBXFileReference; fileEncoding = 4; lastKnownFileType = sourcecode.c.h; path = core.h; sourceTree = "<group>"; };
		37F854B119909E3E003A1DCF /* unchecked.h */ = {isa = PBXFileReference; fileEncoding = 4; lastKnownFileType = sourcecode.c.h; path = unchecked.h; sourceTree = "<group>"; };
		37F854B219909E3E003A1DCF /* utf8.h */ = {isa = PBXFileReference; fileEncoding = 4; lastKnownFileType = sourcecode.c.h; path = utf8.h; sourceTree = "<group>"; };
		37F854B519909E3E003A1DCF /* ofTextConverter.cpp */ = {isa = PBXFileReference; fileEncoding = 4; lastKnownFileType = sourcecode.cpp.cpp; path = ofTextConverter.cpp; sourceTree = "<group>"; };
		37F854B619909E3E003A1DCF /* ofTextConverter.h */ = {isa = PBXFileReference; fileEncoding = 4; lastKnownFileType = sourcecode.c.h; path = ofTextConverter.h; sourceTree = "<group>"; };
		37F854B719909E3E003A1DCF /* ofUnicode.cpp */ = {isa = PBXFileReference; fileEncoding = 4; lastKnownFileType = sourcecode.cpp.cpp; path = ofUnicode.cpp; sourceTree = "<group>"; };
		37F854B819909E3E003A1DCF /* ofUnicode.h */ = {isa = PBXFileReference; fileEncoding = 4; lastKnownFileType = sourcecode.c.h; path = ofUnicode.h; sourceTree = "<group>"; };
		37F854B919909E3E003A1DCF /* ofUTF8.cpp */ = {isa = PBXFileReference; fileEncoding = 4; lastKnownFileType = sourcecode.cpp.cpp; path = ofUTF8.cpp; sourceTree = "<group>"; };
		37F854BA19909E3E003A1DCF /* ofUTF8.h */ = {isa = PBXFileReference; fileEncoding = 4; lastKnownFileType = sourcecode.c.h; path = ofUTF8.h; sourceTree = "<group>"; };
		37F8DFF11936CA0B009ECE27 /* Rapiro.cpp */ = {isa = PBXFileReference; fileEncoding = 4; lastKnownFileType = sourcecode.cpp.cpp; path = Rapiro.cpp; sourceTree = "<group>"; };
		37F8DFF21936CA0B009ECE27 /* Rapiro.h */ = {isa = PBXFileReference; fileEncoding = 4; lastKnownFileType = sourcecode.c.h; path = Rapiro.h; sourceTree = "<group>"; };
		396FE68E255A8ABF9AF47DF3 /* ofxHTTPServer.cpp */ = {isa = PBXFileReference; explicitFileType = sourcecode.cpp.cpp; fileEncoding = 30; name = ofxHTTPServer.cpp; path = ../../../addons/ofxHttpServer/src/ofxHTTPServer.cpp; sourceTree = SOURCE_ROOT; };
		4173681579D583C46C90AD19 /* w32functions.h */ = {isa = PBXFileReference; explicitFileType = sourcecode.c.h; fileEncoding = 30; name = w32functions.h; path = ../../../addons/ofxHttpServer/libs/microhttpd/include/w32functions.h; sourceTree = SOURCE_ROOT; };
		432DCE157FAD26F2592994A9 /* ofxHTTPServer.h */ = {isa = PBXFileReference; explicitFileType = sourcecode.c.h; fileEncoding = 30; name = ofxHTTPServer.h; path = ../../../addons/ofxHttpServer/src/ofxHTTPServer.h; sourceTree = SOURCE_ROOT; };
		92A4448CA3C8B9EAB020111F /* ofxScratch2.h */ = {isa = PBXFileReference; explicitFileType = sourcecode.c.h; fileEncoding = 30; name = ofxScratch2.h; path = ../../../addons/ofxScratch/src/ofxScratch2.h; sourceTree = SOURCE_ROOT; };
		931B65DC70E2E12E694816AE /* platform.h */ = {isa = PBXFileReference; explicitFileType = sourcecode.c.h; fileEncoding = 30; name = platform.h; path = ../../../addons/ofxHttpServer/libs/microhttpd/include/platform.h; sourceTree = SOURCE_ROOT; };
		BA8596FE6E85A07619256448 /* microhttpd.h */ = {isa = PBXFileReference; explicitFileType = sourcecode.c.h; fileEncoding = 30; name = microhttpd.h; path = ../../../addons/ofxHttpServer/libs/microhttpd/include/microhttpd.h; sourceTree = SOURCE_ROOT; };
		BBAB23BE13894E4700AA2426 /* GLUT.framework */ = {isa = PBXFileReference; lastKnownFileType = wrapper.framework; name = GLUT.framework; path = ../../../libs/glut/lib/osx/GLUT.framework; sourceTree = "<group>"; };
		C29B7219895FBBAB73D0128C /* platform_interface.h */ = {isa = PBXFileReference; explicitFileType = sourcecode.c.h; fileEncoding = 30; name = platform_interface.h; path = ../../../addons/ofxHttpServer/libs/microhttpd/include/platform_interface.h; sourceTree = SOURCE_ROOT; };
		D2E254F102B059DE42FC393B /* microspdy.h */ = {isa = PBXFileReference; explicitFileType = sourcecode.c.h; fileEncoding = 30; name = microspdy.h; path = ../../../addons/ofxHttpServer/libs/microhttpd/include/microspdy.h; sourceTree = SOURCE_ROOT; };
		E4328143138ABC890047C5CB /* openFrameworksLib.xcodeproj */ = {isa = PBXFileReference; lastKnownFileType = "wrapper.pb-project"; name = openFrameworksLib.xcodeproj; path = ../../../libs/openFrameworksCompiled/project/osx/openFrameworksLib.xcodeproj; sourceTree = SOURCE_ROOT; };
		E45BE9710E8CC7DD009D7055 /* AGL.framework */ = {isa = PBXFileReference; lastKnownFileType = wrapper.framework; name = AGL.framework; path = /System/Library/Frameworks/AGL.framework; sourceTree = "<absolute>"; };
		E45BE9720E8CC7DD009D7055 /* ApplicationServices.framework */ = {isa = PBXFileReference; lastKnownFileType = wrapper.framework; name = ApplicationServices.framework; path = /System/Library/Frameworks/ApplicationServices.framework; sourceTree = "<absolute>"; };
		E45BE9730E8CC7DD009D7055 /* AudioToolbox.framework */ = {isa = PBXFileReference; lastKnownFileType = wrapper.framework; name = AudioToolbox.framework; path = /System/Library/Frameworks/AudioToolbox.framework; sourceTree = "<absolute>"; };
		E45BE9750E8CC7DD009D7055 /* CoreAudio.framework */ = {isa = PBXFileReference; lastKnownFileType = wrapper.framework; name = CoreAudio.framework; path = /System/Library/Frameworks/CoreAudio.framework; sourceTree = "<absolute>"; };
		E45BE9760E8CC7DD009D7055 /* CoreFoundation.framework */ = {isa = PBXFileReference; lastKnownFileType = wrapper.framework; name = CoreFoundation.framework; path = /System/Library/Frameworks/CoreFoundation.framework; sourceTree = "<absolute>"; };
		E45BE9770E8CC7DD009D7055 /* CoreServices.framework */ = {isa = PBXFileReference; lastKnownFileType = wrapper.framework; name = CoreServices.framework; path = /System/Library/Frameworks/CoreServices.framework; sourceTree = "<absolute>"; };
		E45BE9790E8CC7DD009D7055 /* OpenGL.framework */ = {isa = PBXFileReference; lastKnownFileType = wrapper.framework; name = OpenGL.framework; path = /System/Library/Frameworks/OpenGL.framework; sourceTree = "<absolute>"; };
		E45BE97A0E8CC7DD009D7055 /* QuickTime.framework */ = {isa = PBXFileReference; lastKnownFileType = wrapper.framework; name = QuickTime.framework; path = /System/Library/Frameworks/QuickTime.framework; sourceTree = "<absolute>"; };
		E4B69B5B0A3A1756003C02F2 /* Scratch2RapiroDebug.app */ = {isa = PBXFileReference; explicitFileType = wrapper.application; includeInIndex = 0; path = Scratch2RapiroDebug.app; sourceTree = BUILT_PRODUCTS_DIR; };
		E4B69E1D0A3A1BDC003C02F2 /* main.cpp */ = {isa = PBXFileReference; fileEncoding = 30; lastKnownFileType = sourcecode.cpp.cpp; name = main.cpp; path = src/main.cpp; sourceTree = SOURCE_ROOT; };
		E4B69E1E0A3A1BDC003C02F2 /* ofApp.cpp */ = {isa = PBXFileReference; explicitFileType = sourcecode.cpp.cpp; fileEncoding = 30; name = ofApp.cpp; path = src/ofApp.cpp; sourceTree = SOURCE_ROOT; };
		E4B69E1F0A3A1BDC003C02F2 /* ofApp.h */ = {isa = PBXFileReference; fileEncoding = 30; lastKnownFileType = sourcecode.c.h; name = ofApp.h; path = src/ofApp.h; sourceTree = SOURCE_ROOT; };
		E4B6FCAD0C3E899E008CF71C /* openFrameworks-Info.plist */ = {isa = PBXFileReference; fileEncoding = 30; lastKnownFileType = text.plist.xml; path = "openFrameworks-Info.plist"; sourceTree = "<group>"; };
		E4C2424410CC5A17004149E2 /* AppKit.framework */ = {isa = PBXFileReference; lastKnownFileType = wrapper.framework; name = AppKit.framework; path = /System/Library/Frameworks/AppKit.framework; sourceTree = "<absolute>"; };
		E4C2424510CC5A17004149E2 /* Cocoa.framework */ = {isa = PBXFileReference; lastKnownFileType = wrapper.framework; name = Cocoa.framework; path = /System/Library/Frameworks/Cocoa.framework; sourceTree = "<absolute>"; };
		E4C2424610CC5A17004149E2 /* IOKit.framework */ = {isa = PBXFileReference; lastKnownFileType = wrapper.framework; name = IOKit.framework; path = /System/Library/Frameworks/IOKit.framework; sourceTree = "<absolute>"; };
		E4EB691F138AFCF100A09F29 /* CoreOF.xcconfig */ = {isa = PBXFileReference; fileEncoding = 4; lastKnownFileType = text.xcconfig; name = CoreOF.xcconfig; path = ../../../libs/openFrameworksCompiled/project/osx/CoreOF.xcconfig; sourceTree = SOURCE_ROOT; };
		E4EB6923138AFD0F00A09F29 /* Project.xcconfig */ = {isa = PBXFileReference; fileEncoding = 4; lastKnownFileType = text.xcconfig; path = Project.xcconfig; sourceTree = "<group>"; };
		E7E077E415D3B63C0020DFD4 /* CoreVideo.framework */ = {isa = PBXFileReference; lastKnownFileType = wrapper.framework; name = CoreVideo.framework; path = /System/Library/Frameworks/CoreVideo.framework; sourceTree = "<absolute>"; };
		E7E077E715D3B6510020DFD4 /* QTKit.framework */ = {isa = PBXFileReference; lastKnownFileType = wrapper.framework; name = QTKit.framework; path = /System/Library/Frameworks/QTKit.framework; sourceTree = "<absolute>"; };
		E7F985F515E0DE99003869B5 /* Accelerate.framework */ = {isa = PBXFileReference; lastKnownFileType = wrapper.framework; name = Accelerate.framework; path = /System/Library/Frameworks/Accelerate.framework; sourceTree = "<absolute>"; };
/* End PBXFileReference section */

/* Begin PBXFrameworksBuildPhase section */
		E4B69B590A3A1756003C02F2 /* Frameworks */ = {
			isa = PBXFrameworksBuildPhase;
			buildActionMask = 2147483647;
			files = (
				374A8DB1192B459500464D86 /* libmicrohttpd.a in Frameworks */,
				E7F985F815E0DEA3003869B5 /* Accelerate.framework in Frameworks */,
				E7E077E815D3B6510020DFD4 /* QTKit.framework in Frameworks */,
				E4EB6799138ADC1D00A09F29 /* GLUT.framework in Frameworks */,
				E4328149138ABC9F0047C5CB /* openFrameworksDebug.a in Frameworks */,
				E45BE97B0E8CC7DD009D7055 /* AGL.framework in Frameworks */,
				E45BE97C0E8CC7DD009D7055 /* ApplicationServices.framework in Frameworks */,
				E45BE97D0E8CC7DD009D7055 /* AudioToolbox.framework in Frameworks */,
				E45BE97F0E8CC7DD009D7055 /* CoreAudio.framework in Frameworks */,
				E45BE9800E8CC7DD009D7055 /* CoreFoundation.framework in Frameworks */,
				E45BE9810E8CC7DD009D7055 /* CoreServices.framework in Frameworks */,
				E45BE9830E8CC7DD009D7055 /* OpenGL.framework in Frameworks */,
				E45BE9840E8CC7DD009D7055 /* QuickTime.framework in Frameworks */,
				E4C2424710CC5A17004149E2 /* AppKit.framework in Frameworks */,
				E4C2424810CC5A17004149E2 /* Cocoa.framework in Frameworks */,
				E4C2424910CC5A17004149E2 /* IOKit.framework in Frameworks */,
				E7E077E515D3B63C0020DFD4 /* CoreVideo.framework in Frameworks */,
			);
			runOnlyForDeploymentPostprocessing = 0;
		};
/* End PBXFrameworksBuildPhase section */

/* Begin PBXGroup section */
		108EE3DE46303FAE241EBA3C /* src */ = {
			isa = PBXGroup;
			children = (
				396FE68E255A8ABF9AF47DF3 /* ofxHTTPServer.cpp */,
				432DCE157FAD26F2592994A9 /* ofxHTTPServer.h */,
			);
			name = src;
			sourceTree = "<group>";
		};
		215A4AD7C5973050870D1BE8 /* ofxHttpServer */ = {
			isa = PBXGroup;
			children = (
				108EE3DE46303FAE241EBA3C /* src */,
				322BC22AE7D8D4FDF0980D9E /* libs */,
			);
			name = ofxHttpServer;
			sourceTree = "<group>";
		};
		25B5F67B511FDC96BE8AAC56 /* src */ = {
			isa = PBXGroup;
			children = (
				0731DEB9B1B9EE8C18217DB4 /* ofxScratch2.cpp */,
				92A4448CA3C8B9EAB020111F /* ofxScratch2.h */,
			);
			name = src;
			sourceTree = "<group>";
		};
		322BC22AE7D8D4FDF0980D9E /* libs */ = {
			isa = PBXGroup;
			children = (
				F163AD72BE51A14DCD63045E /* microhttpd */,
			);
			name = libs;
			sourceTree = "<group>";
		};
		37E9A4DC1990A6270007A47D /* ofxUI */ = {
			isa = PBXGroup;
			children = (
				37E9A6A51990A62C0007A47D /* src */,
			);
			name = ofxUI;
			path = ../../../addons/ofxUI;
			sourceTree = "<group>";
		};
		37E9A6A51990A62C0007A47D /* src */ = {
			isa = PBXGroup;
			children = (
				37E9A6A61990A62C0007A47D /* ofxUI.h */,
				37E9A6A71990A62C0007A47D /* ofxUI2DGraph.cpp */,
				37E9A6A81990A62C0007A47D /* ofxUI2DGraph.h */,
				37E9A6A91990A62C0007A47D /* ofxUI2DPad.cpp */,
				37E9A6AA1990A62C0007A47D /* ofxUI2DPad.h */,
				37E9A6AB1990A62C0007A47D /* ofxUIBaseDraws.cpp */,
				37E9A6AC1990A62C0007A47D /* ofxUIBaseDraws.h */,
				37E9A6AD1990A62C0007A47D /* ofxUIBiLabelSlider.cpp */,
				37E9A6AE1990A62C0007A47D /* ofxUIBiLabelSlider.h */,
				37E9A6AF1990A62C0007A47D /* ofxUIButton.cpp */,
				37E9A6B01990A62C0007A47D /* ofxUIButton.h */,
				37E9A6B11990A62C0007A47D /* ofxUICanvas.cpp */,
				37E9A6B21990A62C0007A47D /* ofxUICanvas.h */,
				37E9A6B31990A62C0007A47D /* ofxUICircleSlider.cpp */,
				37E9A6B41990A62C0007A47D /* ofxUICircleSlider.h */,
				37E9A6B51990A62C0007A47D /* ofxUIDefines.h */,
				37E9A6B61990A62C0007A47D /* ofxUIDragableLabelButton.cpp */,
				37E9A6B71990A62C0007A47D /* ofxUIDragableLabelButton.h */,
				37E9A6B81990A62C0007A47D /* ofxUIDropDownList.cpp */,
				37E9A6B91990A62C0007A47D /* ofxUIDropDownList.h */,
				37E9A6BA1990A62C0007A47D /* ofxUIEventArgs.cpp */,
				37E9A6BB1990A62C0007A47D /* ofxUIEventArgs.h */,
				37E9A6BC1990A62C0007A47D /* ofxUIFPS.cpp */,
				37E9A6BD1990A62C0007A47D /* ofxUIFPS.h */,
				37E9A6BE1990A62C0007A47D /* ofxUIFPSSlider.cpp */,
				37E9A6BF1990A62C0007A47D /* ofxUIFPSSlider.h */,
				37E9A6C01990A62C0007A47D /* ofxUIImage.cpp */,
				37E9A6C11990A62C0007A47D /* ofxUIImage.h */,
				37E9A6C21990A62C0007A47D /* ofxUIImageButton.cpp */,
				37E9A6C31990A62C0007A47D /* ofxUIImageButton.h */,
				37E9A6C41990A62C0007A47D /* ofxUIImageSampler.cpp */,
				37E9A6C51990A62C0007A47D /* ofxUIImageSampler.h */,
				37E9A6C61990A62C0007A47D /* ofxUIImageSlider.cpp */,
				37E9A6C71990A62C0007A47D /* ofxUIImageSlider.h */,
				37E9A6C81990A62C0007A47D /* ofxUIImageToggle.cpp */,
				37E9A6C91990A62C0007A47D /* ofxUIImageToggle.h */,
				37E9A6CA1990A62C0007A47D /* ofxUILabel.cpp */,
				37E9A6CB1990A62C0007A47D /* ofxUILabel.h */,
				37E9A6CC1990A62C0007A47D /* ofxUILabelButton.cpp */,
				37E9A6CD1990A62C0007A47D /* ofxUILabelButton.h */,
				37E9A6CE1990A62C0007A47D /* ofxUILabelToggle.cpp */,
				37E9A6CF1990A62C0007A47D /* ofxUILabelToggle.h */,
				37E9A6D01990A62C0007A47D /* ofxUIMinimalSlider.cpp */,
				37E9A6D11990A62C0007A47D /* ofxUIMinimalSlider.h */,
				37E9A6D21990A62C0007A47D /* ofxUIMovingGraph.cpp */,
				37E9A6D31990A62C0007A47D /* ofxUIMovingGraph.h */,
				37E9A6D41990A62C0007A47D /* ofxUIMultiImageButton.cpp */,
				37E9A6D51990A62C0007A47D /* ofxUIMultiImageButton.h */,
				37E9A6D61990A62C0007A47D /* ofxUIMultiImageToggle.cpp */,
				37E9A6D71990A62C0007A47D /* ofxUIMultiImageToggle.h */,
				37E9A6D81990A62C0007A47D /* ofxUINumberDialer.cpp */,
				37E9A6D91990A62C0007A47D /* ofxUINumberDialer.h */,
				37E9A6DA1990A62C0007A47D /* ofxUIOFWrapper.h */,
				37E9A6DB1990A62C0007A47D /* ofxUIRadio.cpp */,
				37E9A6DC1990A62C0007A47D /* ofxUIRadio.h */,
				37E9A6DD1990A62C0007A47D /* ofxUIRangeSlider.cpp */,
				37E9A6DE1990A62C0007A47D /* ofxUIRangeSlider.h */,
				37E9A6DF1990A62C0007A47D /* ofxUIRectangle.cpp */,
				37E9A6E01990A62C0007A47D /* ofxUIRectangle.h */,
				37E9A6E11990A62C0007A47D /* ofxUIRotarySlider.cpp */,
				37E9A6E21990A62C0007A47D /* ofxUIRotarySlider.h */,
				37E9A6E31990A62C0007A47D /* ofxUIScrollableCanvas.cpp */,
				37E9A6E41990A62C0007A47D /* ofxUIScrollableCanvas.h */,
				37E9A6E51990A62C0007A47D /* ofxUISlider.cpp */,
				37E9A6E61990A62C0007A47D /* ofxUISlider.h */,
				37E9A6E71990A62C0007A47D /* ofxUISortableList.cpp */,
				37E9A6E81990A62C0007A47D /* ofxUISortableList.h */,
				37E9A6E91990A62C0007A47D /* ofxUISpacer.cpp */,
				37E9A6EA1990A62C0007A47D /* ofxUISpacer.h */,
				37E9A6EB1990A62C0007A47D /* ofxUISpectrum.cpp */,
				37E9A6EC1990A62C0007A47D /* ofxUISpectrum.h */,
				37E9A6ED1990A62C0007A47D /* ofxUISuperCanvas.cpp */,
				37E9A6EE1990A62C0007A47D /* ofxUISuperCanvas.h */,
				37E9A6EF1990A62C0007A47D /* ofxUITabBar.cpp */,
				37E9A6F01990A62C0007A47D /* ofxUITabBar.h */,
				37E9A6F11990A62C0007A47D /* ofxUITextArea.cpp */,
				37E9A6F21990A62C0007A47D /* ofxUITextArea.h */,
				37E9A6F31990A62C0007A47D /* ofxUITextInput.cpp */,
				37E9A6F41990A62C0007A47D /* ofxUITextInput.h */,
				37E9A6F51990A62C0007A47D /* ofxUIToggle.cpp */,
				37E9A6F61990A62C0007A47D /* ofxUIToggle.h */,
				37E9A6F71990A62C0007A47D /* ofxUIToggleMatrix.cpp */,
				37E9A6F81990A62C0007A47D /* ofxUIToggleMatrix.h */,
				37E9A6F91990A62C0007A47D /* ofxUIUtils.h */,
				37E9A6FA1990A62C0007A47D /* ofxUIValuePlotter.cpp */,
				37E9A6FB1990A62C0007A47D /* ofxUIValuePlotter.h */,
				37E9A6FC1990A62C0007A47D /* ofxUIWaveform.cpp */,
				37E9A6FD1990A62C0007A47D /* ofxUIWaveform.h */,
				37E9A6FE1990A62C0007A47D /* ofxUIWidget.cpp */,
				37E9A6FF1990A62C0007A47D /* ofxUIWidget.h */,
				37E9A7001990A62C0007A47D /* ofxUIWidgets.h */,
				37E9A7011990A62C0007A47D /* ofxUIWidgetWithLabel.cpp */,
				37E9A7021990A62C0007A47D /* ofxUIWidgetWithLabel.h */,
				37E9A7031990A62C0007A47D /* ofxUIWrapper.h */,
			);
			path = src;
			sourceTree = "<group>";
		};
		37E9A7A01990AE730007A47D /* ofxXmlSettings */ = {
			isa = PBXGroup;
			children = (
				37E9A7A11990AE730007A47D /* src */,
				37E9A7A41990AE730007A47D /* libs */,
			);
			name = ofxXmlSettings;
			sourceTree = "<group>";
		};
		37E9A7A11990AE730007A47D /* src */ = {
			isa = PBXGroup;
			children = (
				37E9A7A21990AE730007A47D /* ofxXmlSettings.cpp */,
				37E9A7A31990AE730007A47D /* ofxXmlSettings.h */,
			);
			name = src;
			path = ../../../addons/ofxXmlSettings/src;
			sourceTree = "<group>";
		};
		37E9A7A41990AE730007A47D /* libs */ = {
			isa = PBXGroup;
			children = (
				37E9A7A51990AE730007A47D /* tinyxml.cpp */,
				37E9A7A61990AE730007A47D /* tinyxml.h */,
				37E9A7A71990AE730007A47D /* tinyxmlerror.cpp */,
				37E9A7A81990AE730007A47D /* tinyxmlparser.cpp */,
			);
			name = libs;
			path = ../../../addons/ofxXmlSettings/libs;
			sourceTree = "<group>";
		};
		37F8548D19909E3E003A1DCF /* ofxUnicode */ = {
			isa = PBXGroup;
			children = (
				37F854A019909E3E003A1DCF /* libs */,
				37F854B419909E3E003A1DCF /* src */,
			);
			name = ofxUnicode;
			path = ../../../addons/ofxUnicode;
			sourceTree = "<group>";
		};
		37F854A019909E3E003A1DCF /* libs */ = {
			isa = PBXGroup;
			children = (
				37F854A119909E3E003A1DCF /* utf8cpp */,
			);
			path = libs;
			sourceTree = "<group>";
		};
		37F854A119909E3E003A1DCF /* utf8cpp */ = {
			isa = PBXGroup;
			children = (
				37F854A219909E3E003A1DCF /* include */,
				37F854A819909E3E003A1DCF /* src */,
			);
			path = utf8cpp;
			sourceTree = "<group>";
		};
		37F854A219909E3E003A1DCF /* include */ = {
			isa = PBXGroup;
			children = (
				37F854A319909E3E003A1DCF /* utf8 */,
				37F854A719909E3E003A1DCF /* utf8.h */,
			);
			path = include;
			sourceTree = "<group>";
		};
		37F854A319909E3E003A1DCF /* utf8 */ = {
			isa = PBXGroup;
			children = (
				37F854A419909E3E003A1DCF /* checked.h */,
				37F854A519909E3E003A1DCF /* core.h */,
				37F854A619909E3E003A1DCF /* unchecked.h */,
			);
			path = utf8;
			sourceTree = "<group>";
		};
		37F854A819909E3E003A1DCF /* src */ = {
			isa = PBXGroup;
			children = (
				37F854A919909E3E003A1DCF /* utf8_v2_3_1 */,
			);
			path = src;
			sourceTree = "<group>";
		};
		37F854A919909E3E003A1DCF /* utf8_v2_3_1 */ = {
			isa = PBXGroup;
			children = (
				37F854AA19909E3E003A1DCF /* doc */,
				37F854AD19909E3E003A1DCF /* source */,
			);
			path = utf8_v2_3_1;
			sourceTree = "<group>";
		};
		37F854AA19909E3E003A1DCF /* doc */ = {
			isa = PBXGroup;
			children = (
				37F854AB19909E3E003A1DCF /* ReleaseNotes */,
				37F854AC19909E3E003A1DCF /* utf8cpp.html */,
			);
			path = doc;
			sourceTree = "<group>";
		};
		37F854AD19909E3E003A1DCF /* source */ = {
			isa = PBXGroup;
			children = (
				37F854AE19909E3E003A1DCF /* utf8 */,
				37F854B219909E3E003A1DCF /* utf8.h */,
			);
			path = source;
			sourceTree = "<group>";
		};
		37F854AE19909E3E003A1DCF /* utf8 */ = {
			isa = PBXGroup;
			children = (
				37F854AF19909E3E003A1DCF /* checked.h */,
				37F854B019909E3E003A1DCF /* core.h */,
				37F854B119909E3E003A1DCF /* unchecked.h */,
			);
			path = utf8;
			sourceTree = "<group>";
		};
		37F854B419909E3E003A1DCF /* src */ = {
			isa = PBXGroup;
			children = (
				37F854B519909E3E003A1DCF /* ofTextConverter.cpp */,
				37F854B619909E3E003A1DCF /* ofTextConverter.h */,
				37F854B719909E3E003A1DCF /* ofUnicode.cpp */,
				37F854B819909E3E003A1DCF /* ofUnicode.h */,
				37F854B919909E3E003A1DCF /* ofUTF8.cpp */,
				37F854BA19909E3E003A1DCF /* ofUTF8.h */,
			);
			path = src;
			sourceTree = "<group>";
		};
		3A4B590273697B8E8A4EE477 /* include */ = {
			isa = PBXGroup;
			children = (
				2C58BAAF54639C1BF3B53FA7 /* MHD_config.h */,
				BA8596FE6E85A07619256448 /* microhttpd.h */,
				D2E254F102B059DE42FC393B /* microspdy.h */,
				931B65DC70E2E12E694816AE /* platform.h */,
				C29B7219895FBBAB73D0128C /* platform_interface.h */,
				4173681579D583C46C90AD19 /* w32functions.h */,
			);
			name = include;
			sourceTree = "<group>";
		};
		750506B8830F05F7ED29D9EA /* ofxScratch */ = {
			isa = PBXGroup;
			children = (
				25B5F67B511FDC96BE8AAC56 /* src */,
			);
			name = ofxScratch;
			sourceTree = "<group>";
		};
		BB4B014C10F69532006C3DED /* addons */ = {
			isa = PBXGroup;
			children = (
				37E9A7A01990AE730007A47D /* ofxXmlSettings */,
				37E9A4DC1990A6270007A47D /* ofxUI */,
				37F8548D19909E3E003A1DCF /* ofxUnicode */,
				215A4AD7C5973050870D1BE8 /* ofxHttpServer */,
				750506B8830F05F7ED29D9EA /* ofxScratch */,
			);
			name = addons;
			sourceTree = "<group>";
		};
		BBAB23C913894ECA00AA2426 /* system frameworks */ = {
			isa = PBXGroup;
			children = (
				E7F985F515E0DE99003869B5 /* Accelerate.framework */,
				E4C2424410CC5A17004149E2 /* AppKit.framework */,
				E4C2424510CC5A17004149E2 /* Cocoa.framework */,
				E4C2424610CC5A17004149E2 /* IOKit.framework */,
				E45BE9710E8CC7DD009D7055 /* AGL.framework */,
				E45BE9720E8CC7DD009D7055 /* ApplicationServices.framework */,
				E45BE9730E8CC7DD009D7055 /* AudioToolbox.framework */,
				E45BE9750E8CC7DD009D7055 /* CoreAudio.framework */,
				E45BE9760E8CC7DD009D7055 /* CoreFoundation.framework */,
				E45BE9770E8CC7DD009D7055 /* CoreServices.framework */,
				E45BE9790E8CC7DD009D7055 /* OpenGL.framework */,
				E45BE97A0E8CC7DD009D7055 /* QuickTime.framework */,
				E7E077E415D3B63C0020DFD4 /* CoreVideo.framework */,
				E7E077E715D3B6510020DFD4 /* QTKit.framework */,
			);
			name = "system frameworks";
			sourceTree = "<group>";
		};
		BBAB23CA13894EDB00AA2426 /* 3rd party frameworks */ = {
			isa = PBXGroup;
			children = (
				BBAB23BE13894E4700AA2426 /* GLUT.framework */,
			);
			name = "3rd party frameworks";
			sourceTree = "<group>";
		};
		E4328144138ABC890047C5CB /* Products */ = {
			isa = PBXGroup;
			children = (
				E4328148138ABC890047C5CB /* openFrameworksDebug.a */,
			);
			name = Products;
			sourceTree = "<group>";
		};
		E45BE5980E8CC70C009D7055 /* frameworks */ = {
			isa = PBXGroup;
			children = (
				BBAB23CA13894EDB00AA2426 /* 3rd party frameworks */,
				BBAB23C913894ECA00AA2426 /* system frameworks */,
			);
			name = frameworks;
			sourceTree = "<group>";
		};
		E4B69B4A0A3A1720003C02F2 = {
			isa = PBXGroup;
			children = (
				E4B6FCAD0C3E899E008CF71C /* openFrameworks-Info.plist */,
				E4EB6923138AFD0F00A09F29 /* Project.xcconfig */,
				37856E04192DA0550021204C /* crossdomain.xml */,
				372AA043198F7627006CF61D /* rapiro_pose.json */,
				E4B69E1C0A3A1BDC003C02F2 /* src */,
				E4EEC9E9138DF44700A80321 /* openFrameworks */,
				BB4B014C10F69532006C3DED /* addons */,
				E45BE5980E8CC70C009D7055 /* frameworks */,
				E4B69B5B0A3A1756003C02F2 /* Scratch2RapiroDebug.app */,
			);
			sourceTree = "<group>";
		};
		E4B69E1C0A3A1BDC003C02F2 /* src */ = {
			isa = PBXGroup;
			children = (
				E4B69E1D0A3A1BDC003C02F2 /* main.cpp */,
				E4B69E1E0A3A1BDC003C02F2 /* ofApp.cpp */,
				E4B69E1F0A3A1BDC003C02F2 /* ofApp.h */,
				37F8DFF11936CA0B009ECE27 /* Rapiro.cpp */,
				37F8DFF21936CA0B009ECE27 /* Rapiro.h */,
				3741839B19494992008804B2 /* Part.h */,
			);
			path = src;
			sourceTree = SOURCE_ROOT;
		};
		E4EEC9E9138DF44700A80321 /* openFrameworks */ = {
			isa = PBXGroup;
			children = (
				E4EB691F138AFCF100A09F29 /* CoreOF.xcconfig */,
				E4328143138ABC890047C5CB /* openFrameworksLib.xcodeproj */,
			);
			name = openFrameworks;
			path = ../../libs/openFrameworks;
			sourceTree = "<group>";
		};
		F163AD72BE51A14DCD63045E /* microhttpd */ = {
			isa = PBXGroup;
			children = (
				374A8DB0192B459500464D86 /* libmicrohttpd.a */,
				3A4B590273697B8E8A4EE477 /* include */,
			);
			name = microhttpd;
			sourceTree = "<group>";
		};
/* End PBXGroup section */

/* Begin PBXNativeTarget section */
		E4B69B5A0A3A1756003C02F2 /* Scratch2Rapiro */ = {
			isa = PBXNativeTarget;
			buildConfigurationList = E4B69B5F0A3A1757003C02F2 /* Build configuration list for PBXNativeTarget "Scratch2Rapiro" */;
			buildPhases = (
				E4B69B580A3A1756003C02F2 /* Sources */,
				E4B69B590A3A1756003C02F2 /* Frameworks */,
				E4B6FFFD0C3F9AB9008CF71C /* ShellScript */,
				E4C2427710CC5ABF004149E2 /* CopyFiles */,
				371FF19D1990C1C400D6588B /* Resources */,
			);
			buildRules = (
			);
			dependencies = (
				E4EEB9AC138B136A00A80321 /* PBXTargetDependency */,
			);
			name = Scratch2Rapiro;
			productName = myOFApp;
			productReference = E4B69B5B0A3A1756003C02F2 /* Scratch2RapiroDebug.app */;
			productType = "com.apple.product-type.application";
		};
/* End PBXNativeTarget section */

/* Begin PBXProject section */
		E4B69B4C0A3A1720003C02F2 /* Project object */ = {
			isa = PBXProject;
			attributes = {
				LastUpgradeCheck = 0460;
			};
			buildConfigurationList = E4B69B4D0A3A1720003C02F2 /* Build configuration list for PBXProject "Scratch2Rapiro" */;
			compatibilityVersion = "Xcode 3.2";
			developmentRegion = English;
			hasScannedForEncodings = 0;
			knownRegions = (
				English,
				Japanese,
				French,
				German,
			);
			mainGroup = E4B69B4A0A3A1720003C02F2;
			productRefGroup = E4B69B4A0A3A1720003C02F2;
			projectDirPath = "";
			projectReferences = (
				{
					ProductGroup = E4328144138ABC890047C5CB /* Products */;
					ProjectRef = E4328143138ABC890047C5CB /* openFrameworksLib.xcodeproj */;
				},
			);
			projectRoot = "";
			targets = (
				E4B69B5A0A3A1756003C02F2 /* Scratch2Rapiro */,
			);
		};
/* End PBXProject section */

/* Begin PBXReferenceProxy section */
		E4328148138ABC890047C5CB /* openFrameworksDebug.a */ = {
			isa = PBXReferenceProxy;
			fileType = archive.ar;
			path = openFrameworksDebug.a;
			remoteRef = E4328147138ABC890047C5CB /* PBXContainerItemProxy */;
			sourceTree = BUILT_PRODUCTS_DIR;
		};
/* End PBXReferenceProxy section */

/* Begin PBXResourcesBuildPhase section */
		371FF19D1990C1C400D6588B /* Resources */ = {
			isa = PBXResourcesBuildPhase;
			buildActionMask = 2147483647;
			files = (
				371FF19E1990C1C800D6588B /* crossdomain.xml in Resources */,
				371FF19F1990C1C800D6588B /* rapiro_pose.json in Resources */,
			);
			runOnlyForDeploymentPostprocessing = 0;
		};
/* End PBXResourcesBuildPhase section */

/* Begin PBXShellScriptBuildPhase section */
		E4B6FFFD0C3F9AB9008CF71C /* ShellScript */ = {
			isa = PBXShellScriptBuildPhase;
			buildActionMask = 2147483647;
			files = (
			);
			inputPaths = (
			);
			outputPaths = (
			);
			runOnlyForDeploymentPostprocessing = 0;
			shellPath = /bin/sh;
			shellScript = "cp -f ../../../libs/fmodex/lib/osx/libfmodex.dylib \"$TARGET_BUILD_DIR/$PRODUCT_NAME.app/Contents/MacOS/libfmodex.dylib\"; install_name_tool -change ./libfmodex.dylib @executable_path/libfmodex.dylib \"$TARGET_BUILD_DIR/$PRODUCT_NAME.app/Contents/MacOS/$PRODUCT_NAME\";\nmkdir -p \"$TARGET_BUILD_DIR/$PRODUCT_NAME.app/Contents/Resources/\"\ncp -f \"$ICON_FILE\" \"$TARGET_BUILD_DIR/$PRODUCT_NAME.app/Contents/Resources/\"\n";
		};
/* End PBXShellScriptBuildPhase section */

/* Begin PBXSourcesBuildPhase section */
		E4B69B580A3A1756003C02F2 /* Sources */ = {
			isa = PBXSourcesBuildPhase;
			buildActionMask = 2147483647;
			files = (
				37E9A7421990A62C0007A47D /* ofxUIFPSSlider.cpp in Sources */,
				37E9A7611990A62C0007A47D /* ofxUIWidget.cpp in Sources */,
				37E9A7501990A62C0007A47D /* ofxUIRadio.cpp in Sources */,
				37E9A7481990A62C0007A47D /* ofxUILabel.cpp in Sources */,
				37E9A75A1990A62C0007A47D /* ofxUITabBar.cpp in Sources */,
				37E9A7551990A62C0007A47D /* ofxUISlider.cpp in Sources */,
				37E9A73C1990A62C0007A47D /* ofxUICanvas.cpp in Sources */,
				37E9A7461990A62C0007A47D /* ofxUIImageSlider.cpp in Sources */,
				37E9A7371990A62C0007A47D /* ofxUI2DGraph.cpp in Sources */,
				E4B69E200A3A1BDC003C02F2 /* main.cpp in Sources */,
				37E9A73A1990A62C0007A47D /* ofxUIBiLabelSlider.cpp in Sources */,
				37E9A74F1990A62C0007A47D /* ofxUINumberDialer.cpp in Sources */,
				E4B69E210A3A1BDC003C02F2 /* ofApp.cpp in Sources */,
				FA470E7D7D578CB62384EC0E /* ofxHTTPServer.cpp in Sources */,
				37E9A75C1990A62C0007A47D /* ofxUITextInput.cpp in Sources */,
				37F854BF19909E3E003A1DCF /* ofUTF8.cpp in Sources */,
				37E9A74B1990A62C0007A47D /* ofxUIMinimalSlider.cpp in Sources */,
				37E9A7581990A62C0007A47D /* ofxUISpectrum.cpp in Sources */,
				37F8DFF31936CA0B009ECE27 /* Rapiro.cpp in Sources */,
				37E9A7AA1990AE730007A47D /* tinyxml.cpp in Sources */,
				37E9A73E1990A62C0007A47D /* ofxUIDragableLabelButton.cpp in Sources */,
				37E9A75B1990A62C0007A47D /* ofxUITextArea.cpp in Sources */,
				37E9A7431990A62C0007A47D /* ofxUIImage.cpp in Sources */,
				37E9A7491990A62C0007A47D /* ofxUILabelButton.cpp in Sources */,
				37E9A7561990A62C0007A47D /* ofxUISortableList.cpp in Sources */,
				37E9A7531990A62C0007A47D /* ofxUIRotarySlider.cpp in Sources */,
				37F854BD19909E3E003A1DCF /* ofTextConverter.cpp in Sources */,
				37E9A7521990A62C0007A47D /* ofxUIRectangle.cpp in Sources */,
				37E9A7451990A62C0007A47D /* ofxUIImageSampler.cpp in Sources */,
				37E9A7541990A62C0007A47D /* ofxUIScrollableCanvas.cpp in Sources */,
				37E9A7411990A62C0007A47D /* ofxUIFPS.cpp in Sources */,
				37E9A7A91990AE730007A47D /* ofxXmlSettings.cpp in Sources */,
				37E9A75D1990A62C0007A47D /* ofxUIToggle.cpp in Sources */,
				37E9A73B1990A62C0007A47D /* ofxUIButton.cpp in Sources */,
				37E9A7571990A62C0007A47D /* ofxUISpacer.cpp in Sources */,
				37E9A74A1990A62C0007A47D /* ofxUILabelToggle.cpp in Sources */,
				37F854BE19909E3E003A1DCF /* ofUnicode.cpp in Sources */,
				37E9A7391990A62C0007A47D /* ofxUIBaseDraws.cpp in Sources */,
				37E9A7401990A62C0007A47D /* ofxUIEventArgs.cpp in Sources */,
				37E9A7471990A62C0007A47D /* ofxUIImageToggle.cpp in Sources */,
				37E9A73D1990A62C0007A47D /* ofxUICircleSlider.cpp in Sources */,
				37E9A74C1990A62C0007A47D /* ofxUIMovingGraph.cpp in Sources */,
				37E9A7601990A62C0007A47D /* ofxUIWaveform.cpp in Sources */,
				37E9A7AB1990AE730007A47D /* tinyxmlerror.cpp in Sources */,
				37E9A7511990A62C0007A47D /* ofxUIRangeSlider.cpp in Sources */,
				37E9A75F1990A62C0007A47D /* ofxUIValuePlotter.cpp in Sources */,
				37E9A74E1990A62C0007A47D /* ofxUIMultiImageToggle.cpp in Sources */,
				37E9A75E1990A62C0007A47D /* ofxUIToggleMatrix.cpp in Sources */,
				37E9A73F1990A62C0007A47D /* ofxUIDropDownList.cpp in Sources */,
				37E9A74D1990A62C0007A47D /* ofxUIMultiImageButton.cpp in Sources */,
				37E9A7591990A62C0007A47D /* ofxUISuperCanvas.cpp in Sources */,
				37E9A7621990A62C0007A47D /* ofxUIWidgetWithLabel.cpp in Sources */,
				37E9A7AC1990AE730007A47D /* tinyxmlparser.cpp in Sources */,
				00B0AFDEA4C9BD12481DC610 /* ofxScratch2.cpp in Sources */,
				37E9A7441990A62C0007A47D /* ofxUIImageButton.cpp in Sources */,
				37E9A7381990A62C0007A47D /* ofxUI2DPad.cpp in Sources */,
			);
			runOnlyForDeploymentPostprocessing = 0;
		};
/* End PBXSourcesBuildPhase section */

/* Begin PBXTargetDependency section */
		E4EEB9AC138B136A00A80321 /* PBXTargetDependency */ = {
			isa = PBXTargetDependency;
			name = openFrameworks;
			targetProxy = E4EEB9AB138B136A00A80321 /* PBXContainerItemProxy */;
		};
/* End PBXTargetDependency section */

/* Begin XCBuildConfiguration section */
		E4B69B4E0A3A1720003C02F2 /* Debug */ = {
			isa = XCBuildConfiguration;
			baseConfigurationReference = E4EB6923138AFD0F00A09F29 /* Project.xcconfig */;
			buildSettings = {
				ARCHS = "$(NATIVE_ARCH)";
				CONFIGURATION_BUILD_DIR = "$(SRCROOT)/bin/";
				COPY_PHASE_STRIP = NO;
				DEAD_CODE_STRIPPING = YES;
				GCC_AUTO_VECTORIZATION = YES;
				GCC_ENABLE_SSE3_EXTENSIONS = YES;
				GCC_ENABLE_SUPPLEMENTAL_SSE3_INSTRUCTIONS = YES;
				GCC_INLINES_ARE_PRIVATE_EXTERN = NO;
				GCC_OPTIMIZATION_LEVEL = 0;
				GCC_SYMBOLS_PRIVATE_EXTERN = NO;
				GCC_WARN_ABOUT_DEPRECATED_FUNCTIONS = YES;
				GCC_WARN_ABOUT_INVALID_OFFSETOF_MACRO = NO;
				GCC_WARN_ALLOW_INCOMPLETE_PROTOCOL = NO;
				GCC_WARN_UNINITIALIZED_AUTOS = NO;
				GCC_WARN_UNUSED_VALUE = NO;
				GCC_WARN_UNUSED_VARIABLE = NO;
				HEADER_SEARCH_PATHS = (
					"$(OF_CORE_HEADERS)",
					../../../addons/ofxHttpServer/libs,
					../../../addons/ofxHttpServer/libs/microhttpd,
					../../../addons/ofxHttpServer/libs/microhttpd/include,
					../../../addons/ofxHttpServer/libs/microhttpd/lib,
					../../../addons/ofxHttpServer/libs/microhttpd/lib/macosx,
					../../../addons/ofxHttpServer/libs/microhttpd/lib/win32,
					../../../addons/ofxHttpServer/src,
					../../../addons/ofxScratch/libs,
					../../../addons/ofxScratch/src,
					src,
				);
				MACOSX_DEPLOYMENT_TARGET = 10.6;
				OTHER_CPLUSPLUSFLAGS = (
					"-D__MACOSX_CORE__",
					"-lpthread",
					"-mtune=native",
				);
				SDKROOT = macosx10.8;
			};
			name = Debug;
		};
		E4B69B4F0A3A1720003C02F2 /* Release */ = {
			isa = XCBuildConfiguration;
			baseConfigurationReference = E4EB6923138AFD0F00A09F29 /* Project.xcconfig */;
			buildSettings = {
				ARCHS = "$(NATIVE_ARCH)";
				CONFIGURATION_BUILD_DIR = "$(SRCROOT)/bin/";
				COPY_PHASE_STRIP = YES;
				DEAD_CODE_STRIPPING = YES;
				GCC_AUTO_VECTORIZATION = YES;
				GCC_ENABLE_SSE3_EXTENSIONS = YES;
				GCC_ENABLE_SUPPLEMENTAL_SSE3_INSTRUCTIONS = YES;
				GCC_INLINES_ARE_PRIVATE_EXTERN = NO;
				GCC_OPTIMIZATION_LEVEL = 3;
				GCC_SYMBOLS_PRIVATE_EXTERN = NO;
				GCC_UNROLL_LOOPS = YES;
				GCC_WARN_ABOUT_DEPRECATED_FUNCTIONS = YES;
				GCC_WARN_ABOUT_INVALID_OFFSETOF_MACRO = NO;
				GCC_WARN_ALLOW_INCOMPLETE_PROTOCOL = NO;
				GCC_WARN_UNINITIALIZED_AUTOS = NO;
				GCC_WARN_UNUSED_VALUE = NO;
				GCC_WARN_UNUSED_VARIABLE = NO;
				HEADER_SEARCH_PATHS = (
					"$(OF_CORE_HEADERS)",
					../../../addons/ofxHttpServer/libs,
					../../../addons/ofxHttpServer/libs/microhttpd,
					../../../addons/ofxHttpServer/libs/microhttpd/include,
					../../../addons/ofxHttpServer/libs/microhttpd/lib,
					../../../addons/ofxHttpServer/libs/microhttpd/lib/macosx,
					../../../addons/ofxHttpServer/libs/microhttpd/lib/win32,
					../../../addons/ofxHttpServer/src,
					../../../addons/ofxScratch/libs,
					../../../addons/ofxScratch/src,
					src,
				);
				MACOSX_DEPLOYMENT_TARGET = 10.6;
				OTHER_CPLUSPLUSFLAGS = (
					"-D__MACOSX_CORE__",
					"-lpthread",
					"-mtune=native",
				);
				SDKROOT = macosx10.8;
			};
			name = Release;
		};
		E4B69B600A3A1757003C02F2 /* Debug */ = {
			isa = XCBuildConfiguration;
			buildSettings = {
				COMBINE_HIDPI_IMAGES = YES;
				COPY_PHASE_STRIP = NO;
				FRAMEWORK_SEARCH_PATHS = (
					"$(inherited)",
					"$(FRAMEWORK_SEARCH_PATHS_QUOTED_FOR_TARGET_1)",
				);
				FRAMEWORK_SEARCH_PATHS_QUOTED_FOR_TARGET_1 = "\"$(SRCROOT)/../../../libs/glut/lib/osx\"";
				GCC_DYNAMIC_NO_PIC = NO;
				GCC_GENERATE_DEBUGGING_SYMBOLS = YES;
				GCC_MODEL_TUNING = NONE;
				ICON = "$(ICON_NAME_DEBUG)";
				ICON_FILE = "$(ICON_FILE_PATH)$(ICON)";
				INFOPLIST_FILE = "openFrameworks-Info.plist";
				INSTALL_PATH = "$(HOME)/Applications";
				LIBRARY_SEARCH_PATHS = (
					"$(inherited)",
					"$(LIBRARY_SEARCH_PATHS_QUOTED_FOR_TARGET_1)",
					"$(LIBRARY_SEARCH_PATHS_QUOTED_FOR_TARGET_2)",
					"$(LIBRARY_SEARCH_PATHS_QUOTED_FOR_TARGET_3)",
					"$(LIBRARY_SEARCH_PATHS_QUOTED_FOR_TARGET_4)",
					"$(LIBRARY_SEARCH_PATHS_QUOTED_FOR_TARGET_5)",
					"$(LIBRARY_SEARCH_PATHS_QUOTED_FOR_TARGET_6)",
					"$(LIBRARY_SEARCH_PATHS_QUOTED_FOR_TARGET_7)",
					"$(LIBRARY_SEARCH_PATHS_QUOTED_FOR_TARGET_8)",
					"$(LIBRARY_SEARCH_PATHS_QUOTED_FOR_TARGET_9)",
					"$(LIBRARY_SEARCH_PATHS_QUOTED_FOR_TARGET_10)",
					"$(LIBRARY_SEARCH_PATHS_QUOTED_FOR_TARGET_11)",
					"$(LIBRARY_SEARCH_PATHS_QUOTED_FOR_TARGET_12)",
					"$(LIBRARY_SEARCH_PATHS_QUOTED_FOR_TARGET_13)",
					"$(LIBRARY_SEARCH_PATHS_QUOTED_FOR_TARGET_14)",
					"$(LIBRARY_SEARCH_PATHS_QUOTED_FOR_TARGET_15)",
					"$(LIBRARY_SEARCH_PATHS_QUOTED_FOR_TARGET_2)",
					"$(LIBRARY_SEARCH_PATHS_QUOTED_FOR_TARGET_3)",
					"$(LIBRARY_SEARCH_PATHS_QUOTED_FOR_TARGET_7)",
					"$(LIBRARY_SEARCH_PATHS_QUOTED_FOR_TARGET_8)",
					"$(LIBRARY_SEARCH_PATHS_QUOTED_FOR_TARGET_9)",
					"$(LIBRARY_SEARCH_PATHS_QUOTED_FOR_TARGET_10)",
					"$(LIBRARY_SEARCH_PATHS_QUOTED_FOR_TARGET_11)",
					"$(LIBRARY_SEARCH_PATHS_QUOTED_FOR_TARGET_12)",
					"$(LIBRARY_SEARCH_PATHS_QUOTED_FOR_TARGET_13)",
					"$(LIBRARY_SEARCH_PATHS_QUOTED_FOR_TARGET_16)",
					"$(LIBRARY_SEARCH_PATHS_QUOTED_FOR_TARGET_17)",
					"$(LIBRARY_SEARCH_PATHS_QUOTED_FOR_TARGET_18)",
					"$(LIBRARY_SEARCH_PATHS_QUOTED_FOR_TARGET_19)",
					"$(LIBRARY_SEARCH_PATHS_QUOTED_FOR_TARGET_20)",
					"$(LIBRARY_SEARCH_PATHS_QUOTED_FOR_TARGET_21)",
					"$(LIBRARY_SEARCH_PATHS_QUOTED_FOR_TARGET_22)",
					"$(LIBRARY_SEARCH_PATHS_QUOTED_FOR_TARGET_23)",
					"$(LIBRARY_SEARCH_PATHS_QUOTED_FOR_TARGET_24)",
					"$(LIBRARY_SEARCH_PATHS_QUOTED_FOR_TARGET_25)",
					"$(LIBRARY_SEARCH_PATHS_QUOTED_FOR_TARGET_26)",
					"$(LIBRARY_SEARCH_PATHS_QUOTED_FOR_TARGET_27)",
					"$(LIBRARY_SEARCH_PATHS_QUOTED_FOR_TARGET_28)",
					"$(LIBRARY_SEARCH_PATHS_QUOTED_FOR_TARGET_29)",
					"$(LIBRARY_SEARCH_PATHS_QUOTED_FOR_TARGET_30)",
					"$(LIBRARY_SEARCH_PATHS_QUOTED_FOR_TARGET_31)",
					"$(LIBRARY_SEARCH_PATHS_QUOTED_FOR_TARGET_32)",
					"$(LIBRARY_SEARCH_PATHS_QUOTED_FOR_TARGET_33)",
					"$(LIBRARY_SEARCH_PATHS_QUOTED_FOR_TARGET_34)",
					"$(LIBRARY_SEARCH_PATHS_QUOTED_FOR_TARGET_35)",
					"$(LIBRARY_SEARCH_PATHS_QUOTED_FOR_TARGET_36)",
					"$(LIBRARY_SEARCH_PATHS_QUOTED_FOR_TARGET_37)",
					"$(LIBRARY_SEARCH_PATHS_QUOTED_FOR_TARGET_38)",
					"$(LIBRARY_SEARCH_PATHS_QUOTED_FOR_TARGET_39)",
					"$(LIBRARY_SEARCH_PATHS_QUOTED_FOR_TARGET_40)",
					"$(LIBRARY_SEARCH_PATHS_QUOTED_FOR_TARGET_41)",
					"$(LIBRARY_SEARCH_PATHS_QUOTED_FOR_TARGET_42)",
					"$(LIBRARY_SEARCH_PATHS_QUOTED_FOR_TARGET_43)",
					"$(LIBRARY_SEARCH_PATHS_QUOTED_FOR_TARGET_44)",
					"$(LIBRARY_SEARCH_PATHS_QUOTED_FOR_TARGET_45)",
					"$(LIBRARY_SEARCH_PATHS_QUOTED_FOR_TARGET_46)",
					"$(LIBRARY_SEARCH_PATHS_QUOTED_FOR_TARGET_47)",
					"$(LIBRARY_SEARCH_PATHS_QUOTED_FOR_TARGET_48)",
					"$(LIBRARY_SEARCH_PATHS_QUOTED_FOR_TARGET_49)",
					"$(LIBRARY_SEARCH_PATHS_QUOTED_FOR_TARGET_50)",
					"$(LIBRARY_SEARCH_PATHS_QUOTED_FOR_TARGET_51)",
					"$(LIBRARY_SEARCH_PATHS_QUOTED_FOR_TARGET_52)",
					/Users/kenta/of0081/addons/ofxHttpServer/libs/microhttpd/lib/macosx,
				);
				PRODUCT_NAME = Scratch2RapiroDebug;
				SDKROOT = macosx10.8;
				USER_HEADER_SEARCH_PATHS = "";
				WRAPPER_EXTENSION = app;
			};
			name = Debug;
		};
		E4B69B610A3A1757003C02F2 /* Release */ = {
			isa = XCBuildConfiguration;
			buildSettings = {
				COMBINE_HIDPI_IMAGES = YES;
				COPY_PHASE_STRIP = YES;
				FRAMEWORK_SEARCH_PATHS = (
					"$(inherited)",
					"$(FRAMEWORK_SEARCH_PATHS_QUOTED_FOR_TARGET_1)",
				);
				FRAMEWORK_SEARCH_PATHS_QUOTED_FOR_TARGET_1 = "\"$(SRCROOT)/../../../libs/glut/lib/osx\"";
				GCC_GENERATE_DEBUGGING_SYMBOLS = YES;
				GCC_MODEL_TUNING = NONE;
				ICON = "$(ICON_NAME_RELEASE)";
				ICON_FILE = "$(ICON_FILE_PATH)$(ICON)";
				INFOPLIST_FILE = "openFrameworks-Info.plist";
				INSTALL_PATH = "$(HOME)/Applications";
				LIBRARY_SEARCH_PATHS = (
					"$(inherited)",
					"$(LIBRARY_SEARCH_PATHS_QUOTED_FOR_TARGET_1)",
					"$(LIBRARY_SEARCH_PATHS_QUOTED_FOR_TARGET_2)",
					"$(LIBRARY_SEARCH_PATHS_QUOTED_FOR_TARGET_3)",
					"$(LIBRARY_SEARCH_PATHS_QUOTED_FOR_TARGET_4)",
					"$(LIBRARY_SEARCH_PATHS_QUOTED_FOR_TARGET_5)",
					"$(LIBRARY_SEARCH_PATHS_QUOTED_FOR_TARGET_6)",
					"$(LIBRARY_SEARCH_PATHS_QUOTED_FOR_TARGET_7)",
					"$(LIBRARY_SEARCH_PATHS_QUOTED_FOR_TARGET_8)",
					"$(LIBRARY_SEARCH_PATHS_QUOTED_FOR_TARGET_9)",
					"$(LIBRARY_SEARCH_PATHS_QUOTED_FOR_TARGET_10)",
					"$(LIBRARY_SEARCH_PATHS_QUOTED_FOR_TARGET_11)",
					"$(LIBRARY_SEARCH_PATHS_QUOTED_FOR_TARGET_12)",
					"$(LIBRARY_SEARCH_PATHS_QUOTED_FOR_TARGET_13)",
					"$(LIBRARY_SEARCH_PATHS_QUOTED_FOR_TARGET_14)",
					"$(LIBRARY_SEARCH_PATHS_QUOTED_FOR_TARGET_15)",
					"$(LIBRARY_SEARCH_PATHS_QUOTED_FOR_TARGET_2)",
					"$(LIBRARY_SEARCH_PATHS_QUOTED_1)",
					"$(LIBRARY_SEARCH_PATHS_QUOTED_FOR_TARGET_3)",
					"$(LIBRARY_SEARCH_PATHS_QUOTED_FOR_TARGET_7)",
					"$(LIBRARY_SEARCH_PATHS_QUOTED_FOR_TARGET_8)",
					"$(LIBRARY_SEARCH_PATHS_QUOTED_FOR_TARGET_9)",
					"$(LIBRARY_SEARCH_PATHS_QUOTED_FOR_TARGET_10)",
					"$(LIBRARY_SEARCH_PATHS_QUOTED_FOR_TARGET_11)",
					"$(LIBRARY_SEARCH_PATHS_QUOTED_FOR_TARGET_12)",
					"$(LIBRARY_SEARCH_PATHS_QUOTED_FOR_TARGET_13)",
					"$(LIBRARY_SEARCH_PATHS_QUOTED_FOR_TARGET_16)",
					"$(LIBRARY_SEARCH_PATHS_QUOTED_FOR_TARGET_17)",
					"$(LIBRARY_SEARCH_PATHS_QUOTED_FOR_TARGET_18)",
					"$(LIBRARY_SEARCH_PATHS_QUOTED_FOR_TARGET_19)",
					"$(LIBRARY_SEARCH_PATHS_QUOTED_FOR_TARGET_20)",
					"$(LIBRARY_SEARCH_PATHS_QUOTED_FOR_TARGET_21)",
					"$(LIBRARY_SEARCH_PATHS_QUOTED_FOR_TARGET_22)",
					"$(LIBRARY_SEARCH_PATHS_QUOTED_FOR_TARGET_23)",
					"$(LIBRARY_SEARCH_PATHS_QUOTED_FOR_TARGET_24)",
					"$(LIBRARY_SEARCH_PATHS_QUOTED_FOR_TARGET_25)",
					"$(LIBRARY_SEARCH_PATHS_QUOTED_FOR_TARGET_26)",
					"$(LIBRARY_SEARCH_PATHS_QUOTED_FOR_TARGET_27)",
					"$(LIBRARY_SEARCH_PATHS_QUOTED_FOR_TARGET_28)",
					"$(LIBRARY_SEARCH_PATHS_QUOTED_FOR_TARGET_29)",
					"$(LIBRARY_SEARCH_PATHS_QUOTED_FOR_TARGET_30)",
					"$(LIBRARY_SEARCH_PATHS_QUOTED_FOR_TARGET_31)",
					"$(LIBRARY_SEARCH_PATHS_QUOTED_FOR_TARGET_32)",
					"$(LIBRARY_SEARCH_PATHS_QUOTED_FOR_TARGET_33)",
					"$(LIBRARY_SEARCH_PATHS_QUOTED_FOR_TARGET_34)",
					"$(LIBRARY_SEARCH_PATHS_QUOTED_FOR_TARGET_35)",
					"$(LIBRARY_SEARCH_PATHS_QUOTED_FOR_TARGET_36)",
					"$(LIBRARY_SEARCH_PATHS_QUOTED_FOR_TARGET_37)",
					"$(LIBRARY_SEARCH_PATHS_QUOTED_FOR_TARGET_38)",
					"$(LIBRARY_SEARCH_PATHS_QUOTED_FOR_TARGET_39)",
					"$(LIBRARY_SEARCH_PATHS_QUOTED_FOR_TARGET_40)",
					"$(LIBRARY_SEARCH_PATHS_QUOTED_FOR_TARGET_41)",
					"$(LIBRARY_SEARCH_PATHS_QUOTED_FOR_TARGET_42)",
					"$(LIBRARY_SEARCH_PATHS_QUOTED_FOR_TARGET_43)",
					"$(LIBRARY_SEARCH_PATHS_QUOTED_FOR_TARGET_44)",
					"$(LIBRARY_SEARCH_PATHS_QUOTED_FOR_TARGET_45)",
					"$(LIBRARY_SEARCH_PATHS_QUOTED_FOR_TARGET_46)",
					"$(LIBRARY_SEARCH_PATHS_QUOTED_FOR_TARGET_47)",
					"$(LIBRARY_SEARCH_PATHS_QUOTED_FOR_TARGET_48)",
					"$(LIBRARY_SEARCH_PATHS_QUOTED_FOR_TARGET_49)",
					"$(LIBRARY_SEARCH_PATHS_QUOTED_FOR_TARGET_50)",
					"$(LIBRARY_SEARCH_PATHS_QUOTED_FOR_TARGET_51)",
					/Users/kenta/of0081/addons/ofxHttpServer/libs/microhttpd/lib/macosx,
				);
				PRODUCT_NAME = Scratch2Rapiro;
				SDKROOT = macosx10.8;
				USER_HEADER_SEARCH_PATHS = "";
				WRAPPER_EXTENSION = app;
			};
			name = Release;
		};
/* End XCBuildConfiguration section */

/* Begin XCConfigurationList section */
		E4B69B4D0A3A1720003C02F2 /* Build configuration list for PBXProject "Scratch2Rapiro" */ = {
			isa = XCConfigurationList;
			buildConfigurations = (
				E4B69B4E0A3A1720003C02F2 /* Debug */,
				E4B69B4F0A3A1720003C02F2 /* Release */,
			);
			defaultConfigurationIsVisible = 0;
			defaultConfigurationName = Release;
		};
		E4B69B5F0A3A1757003C02F2 /* Build configuration list for PBXNativeTarget "Scratch2Rapiro" */ = {
			isa = XCConfigurationList;
			buildConfigurations = (
				E4B69B600A3A1757003C02F2 /* Debug */,
				E4B69B610A3A1757003C02F2 /* Release */,
			);
			defaultConfigurationIsVisible = 0;
			defaultConfigurationName = Release;
		};
/* End XCConfigurationList section */
	};
	rootObject = E4B69B4C0A3A1720003C02F2 /* Project object */;
}
